// !$*UTF8*$!
{
	archiveVersion = 1;
	classes = {
	};
	objectVersion = 48;
	objects = {

/* Begin PBXBuildFile section */
		DD041AE71FC3902900AC2AF7 /* Model.cpp in Sources */ = {isa = PBXBuildFile; fileRef = DD041AE51FC3902900AC2AF7 /* Model.cpp */; };
		DD041AEB1FC3AF6500AC2AF7 /* Node.cpp in Sources */ = {isa = PBXBuildFile; fileRef = DD041AE91FC3AF6500AC2AF7 /* Node.cpp */; };
		DD3B1AD01FBF7E74005E9485 /* OpenGL.framework in Frameworks */ = {isa = PBXBuildFile; fileRef = DD3B1ACF1FBF7E6B005E9485 /* OpenGL.framework */; };
		DD3B1ADD1FBF830E005E9485 /* libassimp.4.0.1.dylib in Frameworks */ = {isa = PBXBuildFile; fileRef = DD3B1ACB1FBF7E48005E9485 /* libassimp.4.0.1.dylib */; };
		DD3B1ADE1FBF8318005E9485 /* libglfw.3.3.dylib in Frameworks */ = {isa = PBXBuildFile; fileRef = DD3B1ACD1FBF7E64005E9485 /* libglfw.3.3.dylib */; };
		DD3B1AE31FBF8518005E9485 /* glad.c in Sources */ = {isa = PBXBuildFile; fileRef = DD3B1AE11FBF8517005E9485 /* glad.c */; };
		DD3B1AE41FBF8518005E9485 /* stb_image.cpp in Sources */ = {isa = PBXBuildFile; fileRef = DD3B1AE21FBF8518005E9485 /* stb_image.cpp */; };
		DDD878301FBF8C9A00109AC6 /* Core.cpp in Sources */ = {isa = PBXBuildFile; fileRef = DDD8781C1FBF8C9900109AC6 /* Core.cpp */; };
		DDD878311FBF8C9A00109AC6 /* Transform.cpp in Sources */ = {isa = PBXBuildFile; fileRef = DDD8781D1FBF8C9900109AC6 /* Transform.cpp */; };
		DDD878321FBF8C9A00109AC6 /* Window.cpp in Sources */ = {isa = PBXBuildFile; fileRef = DDD878201FBF8C9900109AC6 /* Window.cpp */; };
		DDD878331FBF8C9A00109AC6 /* Texture.cpp in Sources */ = {isa = PBXBuildFile; fileRef = DDD878241FBF8C9900109AC6 /* Texture.cpp */; };
		DDD878341FBF8C9A00109AC6 /* main.cpp in Sources */ = {isa = PBXBuildFile; fileRef = DDD878261FBF8C9900109AC6 /* main.cpp */; };
		DDD878351FBF8C9A00109AC6 /* Mesh.cpp in Sources */ = {isa = PBXBuildFile; fileRef = DDD878271FBF8C9900109AC6 /* Mesh.cpp */; };
		DDD878361FBF8C9A00109AC6 /* Camera.cpp in Sources */ = {isa = PBXBuildFile; fileRef = DDD8782B1FBF8C9A00109AC6 /* Camera.cpp */; };
		DDD878371FBF8C9A00109AC6 /* Input.cpp in Sources */ = {isa = PBXBuildFile; fileRef = DDD8782C1FBF8C9A00109AC6 /* Input.cpp */; };
		DDD878381FBF8C9A00109AC6 /* Scene.cpp in Sources */ = {isa = PBXBuildFile; fileRef = DDD8782D1FBF8C9A00109AC6 /* Scene.cpp */; };
		DDD878391FBF8C9A00109AC6 /* Shader.cpp in Sources */ = {isa = PBXBuildFile; fileRef = DDD8782E1FBF8C9A00109AC6 /* Shader.cpp */; };
/* End PBXBuildFile section */

/* Begin PBXCopyFilesBuildPhase section */
		DD3B1ABE1FBF7D90005E9485 /* CopyFiles */ = {
			isa = PBXCopyFilesBuildPhase;
			buildActionMask = 2147483647;
			dstPath = /usr/share/man/man1/;
			dstSubfolderSpec = 0;
			files = (
			);
			runOnlyForDeploymentPostprocessing = 1;
		};
/* End PBXCopyFilesBuildPhase section */

/* Begin PBXFileReference section */
		DD041AE51FC3902900AC2AF7 /* Model.cpp */ = {isa = PBXFileReference; lastKnownFileType = sourcecode.cpp.cpp; path = Model.cpp; sourceTree = "<group>"; };
		DD041AE61FC3902900AC2AF7 /* Model.hpp */ = {isa = PBXFileReference; lastKnownFileType = sourcecode.cpp.h; path = Model.hpp; sourceTree = "<group>"; };
		DD041AE91FC3AF6500AC2AF7 /* Node.cpp */ = {isa = PBXFileReference; lastKnownFileType = sourcecode.cpp.cpp; path = Node.cpp; sourceTree = "<group>"; };
		DD041AEA1FC3AF6500AC2AF7 /* Node.hpp */ = {isa = PBXFileReference; lastKnownFileType = sourcecode.cpp.h; path = Node.hpp; sourceTree = "<group>"; };
		DD3B1AC01FBF7D90005E9485 /* PAG */ = {isa = PBXFileReference; explicitFileType = "compiled.mach-o.executable"; includeInIndex = 0; path = PAG; sourceTree = BUILT_PRODUCTS_DIR; };
		DD3B1ACB1FBF7E48005E9485 /* libassimp.4.0.1.dylib */ = {isa = PBXFileReference; lastKnownFileType = "compiled.mach-o.dylib"; name = libassimp.4.0.1.dylib; path = ../../../../../../../../usr/local/Cellar/assimp/4.0.1/lib/libassimp.4.0.1.dylib; sourceTree = "<group>"; };
		DD3B1ACD1FBF7E64005E9485 /* libglfw.3.3.dylib */ = {isa = PBXFileReference; lastKnownFileType = "compiled.mach-o.dylib"; name = libglfw.3.3.dylib; path = ../../../../../../../../usr/local/lib/libglfw.3.3.dylib; sourceTree = "<group>"; };
		DD3B1ACF1FBF7E6B005E9485 /* OpenGL.framework */ = {isa = PBXFileReference; lastKnownFileType = wrapper.framework; name = OpenGL.framework; path = System/Library/Frameworks/OpenGL.framework; sourceTree = SDKROOT; };
		DD3B1AD11FBF7FB8005E9485 /* libassimp.4.0.1.dylib */ = {isa = PBXFileReference; lastKnownFileType = "compiled.mach-o.dylib"; name = libassimp.4.0.1.dylib; path = "Dependencies Mac/libs/libassimp.4.0.1.dylib"; sourceTree = "<group>"; };
		DD3B1AD31FBF7FC1005E9485 /* libglfw.3.3.dylib */ = {isa = PBXFileReference; lastKnownFileType = "compiled.mach-o.dylib"; name = libglfw.3.3.dylib; path = "Dependencies Mac/libs/libglfw.3.3.dylib"; sourceTree = "<group>"; };
		DD3B1AD91FBF8232005E9485 /* libglfw.dylib */ = {isa = PBXFileReference; lastKnownFileType = "compiled.mach-o.dylib"; name = libglfw.dylib; path = "Dependencies Mac/libs/libglfw.dylib"; sourceTree = "<group>"; };
		DD3B1ADB1FBF826B005E9485 /* libglfw3.3.dylib */ = {isa = PBXFileReference; lastKnownFileType = "compiled.mach-o.dylib"; name = libglfw3.3.dylib; path = "Dependencies Mac/libs/libglfw3.3.dylib"; sourceTree = "<group>"; };
		DD3B1ADF1FBF847E005E9485 /* README.md */ = {isa = PBXFileReference; lastKnownFileType = net.daringfireball.markdown; path = README.md; sourceTree = "<group>"; };
		DD3B1AE01FBF8495005E9485 /* LICENSE */ = {isa = PBXFileReference; lastKnownFileType = text; path = LICENSE; sourceTree = "<group>"; };
		DD3B1AE11FBF8517005E9485 /* glad.c */ = {isa = PBXFileReference; fileEncoding = 4; lastKnownFileType = sourcecode.c.c; path = glad.c; sourceTree = "<group>"; };
		DD3B1AE21FBF8518005E9485 /* stb_image.cpp */ = {isa = PBXFileReference; fileEncoding = 4; lastKnownFileType = sourcecode.cpp.cpp; path = stb_image.cpp; sourceTree = "<group>"; };
		DD79D2BF1FBF8DE200558940 /* basic.vert */ = {isa = PBXFileReference; lastKnownFileType = sourcecode.glsl; path = basic.vert; sourceTree = "<group>"; };
		DD79D2C01FBF8DE200558940 /* transparency.frag */ = {isa = PBXFileReference; lastKnownFileType = sourcecode.glsl; path = transparency.frag; sourceTree = "<group>"; };
		DD79D2C11FBF8DE200558940 /* basic.frag */ = {isa = PBXFileReference; lastKnownFileType = sourcecode.glsl; path = basic.frag; sourceTree = "<group>"; };
		DD79D2C21FBF8DE200558940 /* lesson.frag */ = {isa = PBXFileReference; lastKnownFileType = sourcecode.glsl; path = lesson.frag; sourceTree = "<group>"; };
		DD79D2C41FBF8DE900558940 /* Kotlet.png */ = {isa = PBXFileReference; lastKnownFileType = image.png; path = Kotlet.png; sourceTree = "<group>"; };
		DD79D2C51FBF8DE900558940 /* Beata.png */ = {isa = PBXFileReference; lastKnownFileType = image.png; path = Beata.png; sourceTree = "<group>"; };
		DD79D2C61FBF8DE900558940 /* Janicki.png */ = {isa = PBXFileReference; lastKnownFileType = image.png; path = Janicki.png; sourceTree = "<group>"; };
		DDD8781C1FBF8C9900109AC6 /* Core.cpp */ = {isa = PBXFileReference; fileEncoding = 4; lastKnownFileType = sourcecode.cpp.cpp; path = Core.cpp; sourceTree = "<group>"; };
		DDD8781D1FBF8C9900109AC6 /* Transform.cpp */ = {isa = PBXFileReference; fileEncoding = 4; lastKnownFileType = sourcecode.cpp.cpp; path = Transform.cpp; sourceTree = "<group>"; };
		DDD8781E1FBF8C9900109AC6 /* Shader.hpp */ = {isa = PBXFileReference; fileEncoding = 4; lastKnownFileType = sourcecode.cpp.h; path = Shader.hpp; sourceTree = "<group>"; };
		DDD8781F1FBF8C9900109AC6 /* Scene.hpp */ = {isa = PBXFileReference; fileEncoding = 4; lastKnownFileType = sourcecode.cpp.h; path = Scene.hpp; sourceTree = "<group>"; };
		DDD878201FBF8C9900109AC6 /* Window.cpp */ = {isa = PBXFileReference; fileEncoding = 4; lastKnownFileType = sourcecode.cpp.cpp; path = Window.cpp; sourceTree = "<group>"; };
		DDD878211FBF8C9900109AC6 /* Camera.hpp */ = {isa = PBXFileReference; fileEncoding = 4; lastKnownFileType = sourcecode.cpp.h; path = Camera.hpp; sourceTree = "<group>"; };
		DDD878221FBF8C9900109AC6 /* Input.hpp */ = {isa = PBXFileReference; fileEncoding = 4; lastKnownFileType = sourcecode.cpp.h; path = Input.hpp; sourceTree = "<group>"; };
		DDD878231FBF8C9900109AC6 /* Core.hpp */ = {isa = PBXFileReference; fileEncoding = 4; lastKnownFileType = sourcecode.cpp.h; path = Core.hpp; sourceTree = "<group>"; };
		DDD878241FBF8C9900109AC6 /* Texture.cpp */ = {isa = PBXFileReference; fileEncoding = 4; lastKnownFileType = sourcecode.cpp.cpp; path = Texture.cpp; sourceTree = "<group>"; };
		DDD878251FBF8C9900109AC6 /* Window.hpp */ = {isa = PBXFileReference; fileEncoding = 4; lastKnownFileType = sourcecode.cpp.h; path = Window.hpp; sourceTree = "<group>"; };
		DDD878261FBF8C9900109AC6 /* main.cpp */ = {isa = PBXFileReference; fileEncoding = 4; lastKnownFileType = sourcecode.cpp.cpp; name = main.cpp; path = PAG/main.cpp; sourceTree = "<group>"; };
		DDD878271FBF8C9900109AC6 /* Mesh.cpp */ = {isa = PBXFileReference; fileEncoding = 4; lastKnownFileType = sourcecode.cpp.cpp; path = Mesh.cpp; sourceTree = "<group>"; };
		DDD878281FBF8C9A00109AC6 /* Mesh.hpp */ = {isa = PBXFileReference; fileEncoding = 4; lastKnownFileType = sourcecode.cpp.h; path = Mesh.hpp; sourceTree = "<group>"; };
		DDD878291FBF8C9A00109AC6 /* Texture.hpp */ = {isa = PBXFileReference; fileEncoding = 4; lastKnownFileType = sourcecode.cpp.h; path = Texture.hpp; sourceTree = "<group>"; };
		DDD8782A1FBF8C9A00109AC6 /* Transform.hpp */ = {isa = PBXFileReference; fileEncoding = 4; lastKnownFileType = sourcecode.cpp.h; path = Transform.hpp; sourceTree = "<group>"; };
		DDD8782B1FBF8C9A00109AC6 /* Camera.cpp */ = {isa = PBXFileReference; fileEncoding = 4; lastKnownFileType = sourcecode.cpp.cpp; path = Camera.cpp; sourceTree = "<group>"; };
		DDD8782C1FBF8C9A00109AC6 /* Input.cpp */ = {isa = PBXFileReference; fileEncoding = 4; lastKnownFileType = sourcecode.cpp.cpp; path = Input.cpp; sourceTree = "<group>"; };
		DDD8782D1FBF8C9A00109AC6 /* Scene.cpp */ = {isa = PBXFileReference; fileEncoding = 4; lastKnownFileType = sourcecode.cpp.cpp; path = Scene.cpp; sourceTree = "<group>"; };
		DDD8782E1FBF8C9A00109AC6 /* Shader.cpp */ = {isa = PBXFileReference; fileEncoding = 4; lastKnownFileType = sourcecode.cpp.cpp; path = Shader.cpp; sourceTree = "<group>"; };
		DDD8782F1FBF8C9A00109AC6 /* Config.hpp */ = {isa = PBXFileReference; fileEncoding = 4; lastKnownFileType = sourcecode.cpp.h; name = Config.hpp; path = PAG/Config.hpp; sourceTree = "<group>"; };
/* End PBXFileReference section */

/* Begin PBXFrameworksBuildPhase section */
		DD3B1ABD1FBF7D90005E9485 /* Frameworks */ = {
			isa = PBXFrameworksBuildPhase;
			buildActionMask = 2147483647;
			files = (
				DD3B1ADE1FBF8318005E9485 /* libglfw.3.3.dylib in Frameworks */,
				DD3B1ADD1FBF830E005E9485 /* libassimp.4.0.1.dylib in Frameworks */,
				DD3B1AD01FBF7E74005E9485 /* OpenGL.framework in Frameworks */,
			);
			runOnlyForDeploymentPostprocessing = 0;
		};
/* End PBXFrameworksBuildPhase section */

/* Begin PBXGroup section */
		DD041AE21FC38E3400AC2AF7 /* Scene */ = {
			isa = PBXGroup;
			children = (
				DDD8782B1FBF8C9A00109AC6 /* Camera.cpp */,
				DDD878211FBF8C9900109AC6 /* Camera.hpp */,
				DDD8782C1FBF8C9A00109AC6 /* Input.cpp */,
				DDD878221FBF8C9900109AC6 /* Input.hpp */,
				DDD8782D1FBF8C9A00109AC6 /* Scene.cpp */,
				DDD8781F1FBF8C9900109AC6 /* Scene.hpp */,
			);
			path = Scene;
			sourceTree = "<group>";
		};
		DD041AE31FC38E5100AC2AF7 /* Model */ = {
			isa = PBXGroup;
			children = (
				DD041AE81FC3AF5400AC2AF7 /* Elements */,
				DD041AE51FC3902900AC2AF7 /* Model.cpp */,
				DD041AE61FC3902900AC2AF7 /* Model.hpp */,
				DDD878241FBF8C9900109AC6 /* Texture.cpp */,
				DDD878291FBF8C9A00109AC6 /* Texture.hpp */,
			);
			path = Model;
			sourceTree = "<group>";
		};
		DD041AE41FC38E7E00AC2AF7 /* Engine */ = {
			isa = PBXGroup;
			children = (
				DDD8781C1FBF8C9900109AC6 /* Core.cpp */,
				DDD878231FBF8C9900109AC6 /* Core.hpp */,
				DDD8782E1FBF8C9A00109AC6 /* Shader.cpp */,
				DDD8781E1FBF8C9900109AC6 /* Shader.hpp */,
				DDD878201FBF8C9900109AC6 /* Window.cpp */,
				DDD878251FBF8C9900109AC6 /* Window.hpp */,
			);
			path = Engine;
			sourceTree = "<group>";
		};
		DD041AE81FC3AF5400AC2AF7 /* Elements */ = {
			isa = PBXGroup;
			children = (
				DDD878271FBF8C9900109AC6 /* Mesh.cpp */,
				DDD878281FBF8C9A00109AC6 /* Mesh.hpp */,
				DD041AE91FC3AF6500AC2AF7 /* Node.cpp */,
				DD041AEA1FC3AF6500AC2AF7 /* Node.hpp */,
				DDD8781D1FBF8C9900109AC6 /* Transform.cpp */,
				DDD8782A1FBF8C9A00109AC6 /* Transform.hpp */,
			);
			path = Elements;
			sourceTree = "<group>";
		};
		DD3B1AB71FBF7D90005E9485 = {
			isa = PBXGroup;
			children = (
				DD3B1ADF1FBF847E005E9485 /* README.md */,
				DD3B1AE01FBF8495005E9485 /* LICENSE */,
				DD79D2C31FBF8DE900558940 /* Textures */,
				DD79D2BE1FBF8DE200558940 /* Shaders */,
				DD3B1AC21FBF7D90005E9485 /* PAG */,
				DDD878261FBF8C9900109AC6 /* main.cpp */,
				DDD8782F1FBF8C9A00109AC6 /* Config.hpp */,
				DD3B1AC11FBF7D90005E9485 /* Products */,
				DD3B1ACA1FBF7E48005E9485 /* Frameworks */,
			);
			sourceTree = "<group>";
		};
		DD3B1AC11FBF7D90005E9485 /* Products */ = {
			isa = PBXGroup;
			children = (
				DD3B1AC01FBF7D90005E9485 /* PAG */,
			);
			name = Products;
			sourceTree = "<group>";
		};
		DD3B1AC21FBF7D90005E9485 /* PAG */ = {
			isa = PBXGroup;
			children = (
				DD3B1AD61FBF81DF005E9485 /* OpenGL stuff */,
				DD041AE41FC38E7E00AC2AF7 /* Engine */,
				DD041AE31FC38E5100AC2AF7 /* Model */,
				DD041AE21FC38E3400AC2AF7 /* Scene */,
			);
			path = PAG;
			sourceTree = "<group>";
		};
		DD3B1ACA1FBF7E48005E9485 /* Frameworks */ = {
			isa = PBXGroup;
			children = (
				DD3B1ADB1FBF826B005E9485 /* libglfw3.3.dylib */,
				DD3B1AD91FBF8232005E9485 /* libglfw.dylib */,
				DD3B1AD31FBF7FC1005E9485 /* libglfw.3.3.dylib */,
				DD3B1AD11FBF7FB8005E9485 /* libassimp.4.0.1.dylib */,
				DD3B1ACF1FBF7E6B005E9485 /* OpenGL.framework */,
				DD3B1ACD1FBF7E64005E9485 /* libglfw.3.3.dylib */,
				DD3B1ACB1FBF7E48005E9485 /* libassimp.4.0.1.dylib */,
			);
			name = Frameworks;
			sourceTree = "<group>";
		};
		DD3B1AD61FBF81DF005E9485 /* OpenGL stuff */ = {
			isa = PBXGroup;
			children = (
				DD3B1AE11FBF8517005E9485 /* glad.c */,
				DD3B1AE21FBF8518005E9485 /* stb_image.cpp */,
			);
			path = "OpenGL stuff";
			sourceTree = "<group>";
		};
		DD79D2BE1FBF8DE200558940 /* Shaders */ = {
			isa = PBXGroup;
			children = (
				DD79D2BF1FBF8DE200558940 /* basic.vert */,
				DD79D2C01FBF8DE200558940 /* transparency.frag */,
				DD79D2C11FBF8DE200558940 /* basic.frag */,
				DD79D2C21FBF8DE200558940 /* lesson.frag */,
			);
			path = Shaders;
			sourceTree = "<group>";
		};
		DD79D2C31FBF8DE900558940 /* Textures */ = {
			isa = PBXGroup;
			children = (
				DD79D2C41FBF8DE900558940 /* Kotlet.png */,
				DD79D2C51FBF8DE900558940 /* Beata.png */,
				DD79D2C61FBF8DE900558940 /* Janicki.png */,
			);
			path = Textures;
			sourceTree = SOURCE_ROOT;
		};
/* End PBXGroup section */

/* Begin PBXNativeTarget section */
		DD3B1ABF1FBF7D90005E9485 /* PAG */ = {
			isa = PBXNativeTarget;
			buildConfigurationList = DD3B1AC71FBF7D90005E9485 /* Build configuration list for PBXNativeTarget "PAG" */;
			buildPhases = (
				DD3B1ABC1FBF7D90005E9485 /* Sources */,
				DD3B1ABD1FBF7D90005E9485 /* Frameworks */,
				DD3B1ABE1FBF7D90005E9485 /* CopyFiles */,
			);
			buildRules = (
			);
			dependencies = (
			);
			name = PAG;
			productName = PAG;
			productReference = DD3B1AC01FBF7D90005E9485 /* PAG */;
			productType = "com.apple.product-type.tool";
		};
/* End PBXNativeTarget section */

/* Begin PBXProject section */
		DD3B1AB81FBF7D90005E9485 /* Project object */ = {
			isa = PBXProject;
			attributes = {
				LastUpgradeCheck = 0910;
				ORGANIZATIONNAME = "Krystian Owoc";
				TargetAttributes = {
					DD3B1ABF1FBF7D90005E9485 = {
						CreatedOnToolsVersion = 9.1;
						ProvisioningStyle = Automatic;
					};
				};
			};
			buildConfigurationList = DD3B1ABB1FBF7D90005E9485 /* Build configuration list for PBXProject "PAG" */;
			compatibilityVersion = "Xcode 8.0";
			developmentRegion = en;
			hasScannedForEncodings = 0;
			knownRegions = (
				en,
			);
			mainGroup = DD3B1AB71FBF7D90005E9485;
			productRefGroup = DD3B1AC11FBF7D90005E9485 /* Products */;
			projectDirPath = "";
			projectRoot = "";
			targets = (
				DD3B1ABF1FBF7D90005E9485 /* PAG */,
			);
		};
/* End PBXProject section */

/* Begin PBXSourcesBuildPhase section */
		DD3B1ABC1FBF7D90005E9485 /* Sources */ = {
			isa = PBXSourcesBuildPhase;
			buildActionMask = 2147483647;
			files = (
				DDD878301FBF8C9A00109AC6 /* Core.cpp in Sources */,
				DD041AEB1FC3AF6500AC2AF7 /* Node.cpp in Sources */,
				DD041AE71FC3902900AC2AF7 /* Model.cpp in Sources */,
				DDD878321FBF8C9A00109AC6 /* Window.cpp in Sources */,
				DD3B1AE41FBF8518005E9485 /* stb_image.cpp in Sources */,
				DDD878331FBF8C9A00109AC6 /* Texture.cpp in Sources */,
				DDD878371FBF8C9A00109AC6 /* Input.cpp in Sources */,
				DDD878361FBF8C9A00109AC6 /* Camera.cpp in Sources */,
				DDD878381FBF8C9A00109AC6 /* Scene.cpp in Sources */,
				DDD878341FBF8C9A00109AC6 /* main.cpp in Sources */,
				DDD878311FBF8C9A00109AC6 /* Transform.cpp in Sources */,
				DDD878351FBF8C9A00109AC6 /* Mesh.cpp in Sources */,
				DDD878391FBF8C9A00109AC6 /* Shader.cpp in Sources */,
				DD3B1AE31FBF8518005E9485 /* glad.c in Sources */,
			);
			runOnlyForDeploymentPostprocessing = 0;
		};
/* End PBXSourcesBuildPhase section */

/* Begin XCBuildConfiguration section */
		DD3B1AC51FBF7D90005E9485 /* Debug */ = {
			isa = XCBuildConfiguration;
			buildSettings = {
				ALWAYS_SEARCH_USER_PATHS = NO;
				CLANG_ANALYZER_NONNULL = YES;
				CLANG_ANALYZER_NUMBER_OBJECT_CONVERSION = YES_AGGRESSIVE;
				CLANG_CXX_LANGUAGE_STANDARD = "gnu++14";
				CLANG_CXX_LIBRARY = "libc++";
				CLANG_ENABLE_MODULES = YES;
				CLANG_ENABLE_OBJC_ARC = YES;
				CLANG_WARN_BLOCK_CAPTURE_AUTORELEASING = YES;
				CLANG_WARN_BOOL_CONVERSION = YES;
				CLANG_WARN_COMMA = YES;
				CLANG_WARN_CONSTANT_CONVERSION = YES;
				CLANG_WARN_DIRECT_OBJC_ISA_USAGE = YES_ERROR;
				CLANG_WARN_DOCUMENTATION_COMMENTS = YES;
				CLANG_WARN_EMPTY_BODY = YES;
				CLANG_WARN_ENUM_CONVERSION = YES;
				CLANG_WARN_INFINITE_RECURSION = YES;
				CLANG_WARN_INT_CONVERSION = YES;
				CLANG_WARN_NON_LITERAL_NULL_CONVERSION = YES;
				CLANG_WARN_OBJC_LITERAL_CONVERSION = YES;
				CLANG_WARN_OBJC_ROOT_CLASS = YES_ERROR;
				CLANG_WARN_RANGE_LOOP_ANALYSIS = YES;
				CLANG_WARN_STRICT_PROTOTYPES = YES;
				CLANG_WARN_SUSPICIOUS_MOVE = YES;
				CLANG_WARN_UNGUARDED_AVAILABILITY = YES_AGGRESSIVE;
				CLANG_WARN_UNREACHABLE_CODE = YES;
				CLANG_WARN__DUPLICATE_METHOD_MATCH = YES;
				CODE_SIGN_IDENTITY = "-";
				COPY_PHASE_STRIP = NO;
				DEBUG_INFORMATION_FORMAT = dwarf;
				ENABLE_STRICT_OBJC_MSGSEND = YES;
				ENABLE_TESTABILITY = YES;
				GCC_C_LANGUAGE_STANDARD = gnu11;
				GCC_DYNAMIC_NO_PIC = NO;
				GCC_NO_COMMON_BLOCKS = YES;
				GCC_OPTIMIZATION_LEVEL = 0;
				GCC_PREPROCESSOR_DEFINITIONS = (
					"DEBUG=1",
					"$(inherited)",
				);
				GCC_WARN_64_TO_32_BIT_CONVERSION = YES;
				GCC_WARN_ABOUT_RETURN_TYPE = YES_ERROR;
				GCC_WARN_UNDECLARED_SELECTOR = YES;
				GCC_WARN_UNINITIALIZED_AUTOS = YES_AGGRESSIVE;
				GCC_WARN_UNUSED_FUNCTION = YES;
				GCC_WARN_UNUSED_VARIABLE = YES;
				MACOSX_DEPLOYMENT_TARGET = 10.13;
				MTL_ENABLE_DEBUG_INFO = YES;
				ONLY_ACTIVE_ARCH = YES;
				SDKROOT = macosx;
			};
			name = Debug;
		};
		DD3B1AC61FBF7D90005E9485 /* Release */ = {
			isa = XCBuildConfiguration;
			buildSettings = {
				ALWAYS_SEARCH_USER_PATHS = NO;
				CLANG_ANALYZER_NONNULL = YES;
				CLANG_ANALYZER_NUMBER_OBJECT_CONVERSION = YES_AGGRESSIVE;
				CLANG_CXX_LANGUAGE_STANDARD = "gnu++14";
				CLANG_CXX_LIBRARY = "libc++";
				CLANG_ENABLE_MODULES = YES;
				CLANG_ENABLE_OBJC_ARC = YES;
				CLANG_WARN_BLOCK_CAPTURE_AUTORELEASING = YES;
				CLANG_WARN_BOOL_CONVERSION = YES;
				CLANG_WARN_COMMA = YES;
				CLANG_WARN_CONSTANT_CONVERSION = YES;
				CLANG_WARN_DIRECT_OBJC_ISA_USAGE = YES_ERROR;
				CLANG_WARN_DOCUMENTATION_COMMENTS = YES;
				CLANG_WARN_EMPTY_BODY = YES;
				CLANG_WARN_ENUM_CONVERSION = YES;
				CLANG_WARN_INFINITE_RECURSION = YES;
				CLANG_WARN_INT_CONVERSION = YES;
				CLANG_WARN_NON_LITERAL_NULL_CONVERSION = YES;
				CLANG_WARN_OBJC_LITERAL_CONVERSION = YES;
				CLANG_WARN_OBJC_ROOT_CLASS = YES_ERROR;
				CLANG_WARN_RANGE_LOOP_ANALYSIS = YES;
				CLANG_WARN_STRICT_PROTOTYPES = YES;
				CLANG_WARN_SUSPICIOUS_MOVE = YES;
				CLANG_WARN_UNGUARDED_AVAILABILITY = YES_AGGRESSIVE;
				CLANG_WARN_UNREACHABLE_CODE = YES;
				CLANG_WARN__DUPLICATE_METHOD_MATCH = YES;
				CODE_SIGN_IDENTITY = "-";
				COPY_PHASE_STRIP = NO;
				DEBUG_INFORMATION_FORMAT = "dwarf-with-dsym";
				ENABLE_NS_ASSERTIONS = NO;
				ENABLE_STRICT_OBJC_MSGSEND = YES;
				GCC_C_LANGUAGE_STANDARD = gnu11;
				GCC_NO_COMMON_BLOCKS = YES;
				GCC_WARN_64_TO_32_BIT_CONVERSION = YES;
				GCC_WARN_ABOUT_RETURN_TYPE = YES_ERROR;
				GCC_WARN_UNDECLARED_SELECTOR = YES;
				GCC_WARN_UNINITIALIZED_AUTOS = YES_AGGRESSIVE;
				GCC_WARN_UNUSED_FUNCTION = YES;
				GCC_WARN_UNUSED_VARIABLE = YES;
				MACOSX_DEPLOYMENT_TARGET = 10.13;
				MTL_ENABLE_DEBUG_INFO = NO;
				SDKROOT = macosx;
			};
			name = Release;
		};
		DD3B1AC81FBF7D90005E9485 /* Debug */ = {
			isa = XCBuildConfiguration;
			buildSettings = {
				CODE_SIGN_STYLE = Automatic;
				HEADER_SEARCH_PATHS = "./Dependencies\\ Mac/include/**";
				LIBRARY_SEARCH_PATHS = /usr/local/lib/;
				PRODUCT_NAME = "$(TARGET_NAME)";
			};
			name = Debug;
		};
		DD3B1AC91FBF7D90005E9485 /* Release */ = {
			isa = XCBuildConfiguration;
			buildSettings = {
				CODE_SIGN_STYLE = Automatic;
				HEADER_SEARCH_PATHS = "./Dependencies\\ Mac/include/**";
				LIBRARY_SEARCH_PATHS = /usr/local/lib/;
				PRODUCT_NAME = "$(TARGET_NAME)";
			};
			name = Release;
		};
/* End XCBuildConfiguration section */

/* Begin XCConfigurationList section */
		DD3B1ABB1FBF7D90005E9485 /* Build configuration list for PBXProject "PAG" */ = {
			isa = XCConfigurationList;
			buildConfigurations = (
				DD3B1AC51FBF7D90005E9485 /* Debug */,
				DD3B1AC61FBF7D90005E9485 /* Release */,
			);
			defaultConfigurationIsVisible = 0;
			defaultConfigurationName = Release;
		};
		DD3B1AC71FBF7D90005E9485 /* Build configuration list for PBXNativeTarget "PAG" */ = {
			isa = XCConfigurationList;
			buildConfigurations = (
				DD3B1AC81FBF7D90005E9485 /* Debug */,
				DD3B1AC91FBF7D90005E9485 /* Release */,
			);
			defaultConfigurationIsVisible = 0;
			defaultConfigurationName = Release;
		};
/* End XCConfigurationList section */
	};
	rootObject = DD3B1AB81FBF7D90005E9485 /* Project object */;
}
