// !$*UTF8*$!
{
	archiveVersion = 1;
	classes = {
	};
	objectVersion = 48;
	objects = {

/* Begin PBXBuildFile section */
		DD3B1AD01FBF7E74005E9485 /* OpenGL.framework in Frameworks */ = {isa = PBXBuildFile; fileRef = DD3B1ACF1FBF7E6B005E9485 /* OpenGL.framework */; };
		DD3B1ADD1FBF830E005E9485 /* libassimp.4.0.1.dylib in Frameworks */ = {isa = PBXBuildFile; fileRef = DD3B1ACB1FBF7E48005E9485 /* libassimp.4.0.1.dylib */; };
		DD3B1ADE1FBF8318005E9485 /* libglfw.3.3.dylib in Frameworks */ = {isa = PBXBuildFile; fileRef = DD3B1ACD1FBF7E64005E9485 /* libglfw.3.3.dylib */; };
		DD3B1AE31FBF8518005E9485 /* glad.c in Sources */ = {isa = PBXBuildFile; fileRef = DD3B1AE11FBF8517005E9485 /* glad.c */; };
		DD3B1AE41FBF8518005E9485 /* stb_image.cpp in Sources */ = {isa = PBXBuildFile; fileRef = DD3B1AE21FBF8518005E9485 /* stb_image.cpp */; };
		DD3B1AF11FBF852D005E9485 /* Core.cpp in Sources */ = {isa = PBXBuildFile; fileRef = DD3B1AE51FBF852B005E9485 /* Core.cpp */; };
		DD3B1AF21FBF852D005E9485 /* main.cpp in Sources */ = {isa = PBXBuildFile; fileRef = DD3B1AE61FBF852B005E9485 /* main.cpp */; };
		DD3B1AF31FBF852D005E9485 /* Mesh.cpp in Sources */ = {isa = PBXBuildFile; fileRef = DD3B1AE71FBF852B005E9485 /* Mesh.cpp */; };
		DD3B1AF41FBF852D005E9485 /* Window.cpp in Sources */ = {isa = PBXBuildFile; fileRef = DD3B1AEB1FBF852C005E9485 /* Window.cpp */; };
		DD3B1AF51FBF852D005E9485 /* Shader.cpp in Sources */ = {isa = PBXBuildFile; fileRef = DD3B1AED1FBF852C005E9485 /* Shader.cpp */; };
		DD3B1AF61FBF852D005E9485 /* Texture.cpp in Sources */ = {isa = PBXBuildFile; fileRef = DD3B1AEE1FBF852C005E9485 /* Texture.cpp */; };
/* End PBXBuildFile section */

/* Begin PBXCopyFilesBuildPhase section */
		DD3B1ABE1FBF7D90005E9485 /* CopyFiles */ = {
			isa = PBXCopyFilesBuildPhase;
			buildActionMask = 2147483647;
			dstPath = /usr/share/man/man1/;
			dstSubfolderSpec = 0;
			files = (
			);
			runOnlyForDeploymentPostprocessing = 1;
		};
/* End PBXCopyFilesBuildPhase section */

/* Begin PBXFileReference section */
		DD3B1AC01FBF7D90005E9485 /* PAG */ = {isa = PBXFileReference; explicitFileType = "compiled.mach-o.executable"; includeInIndex = 0; path = PAG; sourceTree = BUILT_PRODUCTS_DIR; };
		DD3B1ACB1FBF7E48005E9485 /* libassimp.4.0.1.dylib */ = {isa = PBXFileReference; lastKnownFileType = "compiled.mach-o.dylib"; name = libassimp.4.0.1.dylib; path = ../../../../../../../../usr/local/Cellar/assimp/4.0.1/lib/libassimp.4.0.1.dylib; sourceTree = "<group>"; };
		DD3B1ACD1FBF7E64005E9485 /* libglfw.3.3.dylib */ = {isa = PBXFileReference; lastKnownFileType = "compiled.mach-o.dylib"; name = libglfw.3.3.dylib; path = ../../../../../../../../usr/local/lib/libglfw.3.3.dylib; sourceTree = "<group>"; };
		DD3B1ACF1FBF7E6B005E9485 /* OpenGL.framework */ = {isa = PBXFileReference; lastKnownFileType = wrapper.framework; name = OpenGL.framework; path = System/Library/Frameworks/OpenGL.framework; sourceTree = SDKROOT; };
		DD3B1AD11FBF7FB8005E9485 /* libassimp.4.0.1.dylib */ = {isa = PBXFileReference; lastKnownFileType = "compiled.mach-o.dylib"; name = libassimp.4.0.1.dylib; path = "Dependencies Mac/libs/libassimp.4.0.1.dylib"; sourceTree = "<group>"; };
		DD3B1AD31FBF7FC1005E9485 /* libglfw.3.3.dylib */ = {isa = PBXFileReference; lastKnownFileType = "compiled.mach-o.dylib"; name = libglfw.3.3.dylib; path = "Dependencies Mac/libs/libglfw.3.3.dylib"; sourceTree = "<group>"; };
		DD3B1AD91FBF8232005E9485 /* libglfw.dylib */ = {isa = PBXFileReference; lastKnownFileType = "compiled.mach-o.dylib"; name = libglfw.dylib; path = "Dependencies Mac/libs/libglfw.dylib"; sourceTree = "<group>"; };
		DD3B1ADB1FBF826B005E9485 /* libglfw3.3.dylib */ = {isa = PBXFileReference; lastKnownFileType = "compiled.mach-o.dylib"; name = libglfw3.3.dylib; path = "Dependencies Mac/libs/libglfw3.3.dylib"; sourceTree = "<group>"; };
		DD3B1ADF1FBF847E005E9485 /* README.md */ = {isa = PBXFileReference; lastKnownFileType = net.daringfireball.markdown; path = README.md; sourceTree = "<group>"; };
		DD3B1AE01FBF8495005E9485 /* LICENSE */ = {isa = PBXFileReference; lastKnownFileType = text; path = LICENSE; sourceTree = "<group>"; };
		DD3B1AE11FBF8517005E9485 /* glad.c */ = {isa = PBXFileReference; fileEncoding = 4; lastKnownFileType = sourcecode.c.c; path = glad.c; sourceTree = "<group>"; };
		DD3B1AE21FBF8518005E9485 /* stb_image.cpp */ = {isa = PBXFileReference; fileEncoding = 4; lastKnownFileType = sourcecode.cpp.cpp; path = stb_image.cpp; sourceTree = "<group>"; };
		DD3B1AE51FBF852B005E9485 /* Core.cpp */ = {isa = PBXFileReference; fileEncoding = 4; lastKnownFileType = sourcecode.cpp.cpp; name = Core.cpp; path = PAG/Core.cpp; sourceTree = "<group>"; };
		DD3B1AE61FBF852B005E9485 /* main.cpp */ = {isa = PBXFileReference; fileEncoding = 4; lastKnownFileType = sourcecode.cpp.cpp; name = main.cpp; path = PAG/main.cpp; sourceTree = "<group>"; };
		DD3B1AE71FBF852B005E9485 /* Mesh.cpp */ = {isa = PBXFileReference; fileEncoding = 4; lastKnownFileType = sourcecode.cpp.cpp; name = Mesh.cpp; path = PAG/Mesh.cpp; sourceTree = "<group>"; };
		DD3B1AE81FBF852B005E9485 /* Mesh.hpp */ = {isa = PBXFileReference; fileEncoding = 4; lastKnownFileType = sourcecode.cpp.h; name = Mesh.hpp; path = PAG/Mesh.hpp; sourceTree = "<group>"; };
		DD3B1AE91FBF852B005E9485 /* Shader.hpp */ = {isa = PBXFileReference; fileEncoding = 4; lastKnownFileType = sourcecode.cpp.h; name = Shader.hpp; path = PAG/Shader.hpp; sourceTree = "<group>"; };
		DD3B1AEA1FBF852B005E9485 /* Texture.hpp */ = {isa = PBXFileReference; fileEncoding = 4; lastKnownFileType = sourcecode.cpp.h; name = Texture.hpp; path = PAG/Texture.hpp; sourceTree = "<group>"; };
		DD3B1AEB1FBF852C005E9485 /* Window.cpp */ = {isa = PBXFileReference; fileEncoding = 4; lastKnownFileType = sourcecode.cpp.cpp; name = Window.cpp; path = PAG/Window.cpp; sourceTree = "<group>"; };
		DD3B1AEC1FBF852C005E9485 /* Core.hpp */ = {isa = PBXFileReference; fileEncoding = 4; lastKnownFileType = sourcecode.cpp.h; name = Core.hpp; path = PAG/Core.hpp; sourceTree = "<group>"; };
		DD3B1AED1FBF852C005E9485 /* Shader.cpp */ = {isa = PBXFileReference; fileEncoding = 4; lastKnownFileType = sourcecode.cpp.cpp; name = Shader.cpp; path = PAG/Shader.cpp; sourceTree = "<group>"; };
		DD3B1AEE1FBF852C005E9485 /* Texture.cpp */ = {isa = PBXFileReference; fileEncoding = 4; lastKnownFileType = sourcecode.cpp.cpp; name = Texture.cpp; path = PAG/Texture.cpp; sourceTree = "<group>"; };
		DD3B1AEF1FBF852C005E9485 /* Window.hpp */ = {isa = PBXFileReference; fileEncoding = 4; lastKnownFileType = sourcecode.cpp.h; name = Window.hpp; path = PAG/Window.hpp; sourceTree = "<group>"; };
		DD3B1AF01FBF852C005E9485 /* Config.hpp */ = {isa = PBXFileReference; fileEncoding = 4; lastKnownFileType = sourcecode.cpp.h; name = Config.hpp; path = PAG/Config.hpp; sourceTree = "<group>"; };
/* End PBXFileReference section */

/* Begin PBXFrameworksBuildPhase section */
		DD3B1ABD1FBF7D90005E9485 /* Frameworks */ = {
			isa = PBXFrameworksBuildPhase;
			buildActionMask = 2147483647;
			files = (
				DD3B1ADE1FBF8318005E9485 /* libglfw.3.3.dylib in Frameworks */,
				DD3B1ADD1FBF830E005E9485 /* libassimp.4.0.1.dylib in Frameworks */,
				DD3B1AD01FBF7E74005E9485 /* OpenGL.framework in Frameworks */,
			);
			runOnlyForDeploymentPostprocessing = 0;
		};
/* End PBXFrameworksBuildPhase section */

/* Begin PBXGroup section */
		DD3B1AB71FBF7D90005E9485 = {
			isa = PBXGroup;
			children = (
				DD3B1ADF1FBF847E005E9485 /* README.md */,
				DD3B1AE01FBF8495005E9485 /* LICENSE */,
				DD3B1AC21FBF7D90005E9485 /* PAG */,
				DD3B1AF01FBF852C005E9485 /* Config.hpp */,
				DD3B1AE51FBF852B005E9485 /* Core.cpp */,
				DD3B1AEC1FBF852C005E9485 /* Core.hpp */,
				DD3B1AE61FBF852B005E9485 /* main.cpp */,
				DD3B1AE71FBF852B005E9485 /* Mesh.cpp */,
				DD3B1AE81FBF852B005E9485 /* Mesh.hpp */,
				DD3B1AED1FBF852C005E9485 /* Shader.cpp */,
				DD3B1AE91FBF852B005E9485 /* Shader.hpp */,
				DD3B1AEE1FBF852C005E9485 /* Texture.cpp */,
				DD3B1AEA1FBF852B005E9485 /* Texture.hpp */,
				DD3B1AEB1FBF852C005E9485 /* Window.cpp */,
				DD3B1AEF1FBF852C005E9485 /* Window.hpp */,
				DD3B1AC11FBF7D90005E9485 /* Products */,
				DD3B1ACA1FBF7E48005E9485 /* Frameworks */,
			);
			sourceTree = "<group>";
		};
		DD3B1AC11FBF7D90005E9485 /* Products */ = {
			isa = PBXGroup;
			children = (
				DD3B1AC01FBF7D90005E9485 /* PAG */,
			);
			name = Products;
			sourceTree = "<group>";
		};
		DD3B1AC21FBF7D90005E9485 /* PAG */ = {
			isa = PBXGroup;
			children = (
				DD3B1AD61FBF81DF005E9485 /* OpenGL stuff */,
			);
			path = PAG;
			sourceTree = "<group>";
		};
		DD3B1ACA1FBF7E48005E9485 /* Frameworks */ = {
			isa = PBXGroup;
			children = (
				DD3B1ADB1FBF826B005E9485 /* libglfw3.3.dylib */,
				DD3B1AD91FBF8232005E9485 /* libglfw.dylib */,
				DD3B1AD31FBF7FC1005E9485 /* libglfw.3.3.dylib */,
				DD3B1AD11FBF7FB8005E9485 /* libassimp.4.0.1.dylib */,
				DD3B1ACF1FBF7E6B005E9485 /* OpenGL.framework */,
				DD3B1ACD1FBF7E64005E9485 /* libglfw.3.3.dylib */,
				DD3B1ACB1FBF7E48005E9485 /* libassimp.4.0.1.dylib */,
			);
			name = Frameworks;
			sourceTree = "<group>";
		};
		DD3B1AD61FBF81DF005E9485 /* OpenGL stuff */ = {
			isa = PBXGroup;
			children = (
				DD3B1AE11FBF8517005E9485 /* glad.c */,
				DD3B1AE21FBF8518005E9485 /* stb_image.cpp */,
			);
			path = "OpenGL stuff";
			sourceTree = "<group>";
		};
/* End PBXGroup section */

/* Begin PBXNativeTarget section */
		DD3B1ABF1FBF7D90005E9485 /* PAG */ = {
			isa = PBXNativeTarget;
			buildConfigurationList = DD3B1AC71FBF7D90005E9485 /* Build configuration list for PBXNativeTarget "PAG" */;
			buildPhases = (
				DD3B1ABC1FBF7D90005E9485 /* Sources */,
				DD3B1ABD1FBF7D90005E9485 /* Frameworks */,
				DD3B1ABE1FBF7D90005E9485 /* CopyFiles */,
			);
			buildRules = (
			);
			dependencies = (
			);
			name = PAG;
			productName = PAG;
			productReference = DD3B1AC01FBF7D90005E9485 /* PAG */;
			productType = "com.apple.product-type.tool";
		};
/* End PBXNativeTarget section */

/* Begin PBXProject section */
		DD3B1AB81FBF7D90005E9485 /* Project object */ = {
			isa = PBXProject;
			attributes = {
				LastUpgradeCheck = 0910;
				ORGANIZATIONNAME = "Krystian Owoc";
				TargetAttributes = {
					DD3B1ABF1FBF7D90005E9485 = {
						CreatedOnToolsVersion = 9.1;
						ProvisioningStyle = Automatic;
					};
				};
			};
			buildConfigurationList = DD3B1ABB1FBF7D90005E9485 /* Build configuration list for PBXProject "PAG" */;
			compatibilityVersion = "Xcode 8.0";
			developmentRegion = en;
			hasScannedForEncodings = 0;
			knownRegions = (
				en,
			);
			mainGroup = DD3B1AB71FBF7D90005E9485;
			productRefGroup = DD3B1AC11FBF7D90005E9485 /* Products */;
			projectDirPath = "";
			projectRoot = "";
			targets = (
				DD3B1ABF1FBF7D90005E9485 /* PAG */,
			);
		};
/* End PBXProject section */

/* Begin PBXSourcesBuildPhase section */
		DD3B1ABC1FBF7D90005E9485 /* Sources */ = {
			isa = PBXSourcesBuildPhase;
			buildActionMask = 2147483647;
			files = (
				DD3B1AF11FBF852D005E9485 /* Core.cpp in Sources */,
				DD3B1AF41FBF852D005E9485 /* Window.cpp in Sources */,
				DD3B1AE41FBF8518005E9485 /* stb_image.cpp in Sources */,
				DD3B1AF21FBF852D005E9485 /* main.cpp in Sources */,
				DD3B1AF51FBF852D005E9485 /* Shader.cpp in Sources */,
				DD3B1AF61FBF852D005E9485 /* Texture.cpp in Sources */,
				DD3B1AE31FBF8518005E9485 /* glad.c in Sources */,
				DD3B1AF31FBF852D005E9485 /* Mesh.cpp in Sources */,
			);
			runOnlyForDeploymentPostprocessing = 0;
		};
/* End PBXSourcesBuildPhase section */

/* Begin XCBuildConfiguration section */
		DD3B1AC51FBF7D90005E9485 /* Debug */ = {
			isa = XCBuildConfiguration;
			buildSettings = {
				ALWAYS_SEARCH_USER_PATHS = NO;
				CLANG_ANALYZER_NONNULL = YES;
				CLANG_ANALYZER_NUMBER_OBJECT_CONVERSION = YES_AGGRESSIVE;
				CLANG_CXX_LANGUAGE_STANDARD = "gnu++14";
				CLANG_CXX_LIBRARY = "libc++";
				CLANG_ENABLE_MODULES = YES;
				CLANG_ENABLE_OBJC_ARC = YES;
				CLANG_WARN_BLOCK_CAPTURE_AUTORELEASING = YES;
				CLANG_WARN_BOOL_CONVERSION = YES;
				CLANG_WARN_COMMA = YES;
				CLANG_WARN_CONSTANT_CONVERSION = YES;
				CLANG_WARN_DIRECT_OBJC_ISA_USAGE = YES_ERROR;
				CLANG_WARN_DOCUMENTATION_COMMENTS = YES;
				CLANG_WARN_EMPTY_BODY = YES;
				CLANG_WARN_ENUM_CONVERSION = YES;
				CLANG_WARN_INFINITE_RECURSION = YES;
				CLANG_WARN_INT_CONVERSION = YES;
				CLANG_WARN_NON_LITERAL_NULL_CONVERSION = YES;
				CLANG_WARN_OBJC_LITERAL_CONVERSION = YES;
				CLANG_WARN_OBJC_ROOT_CLASS = YES_ERROR;
				CLANG_WARN_RANGE_LOOP_ANALYSIS = YES;
				CLANG_WARN_STRICT_PROTOTYPES = YES;
				CLANG_WARN_SUSPICIOUS_MOVE = YES;
				CLANG_WARN_UNGUARDED_AVAILABILITY = YES_AGGRESSIVE;
				CLANG_WARN_UNREACHABLE_CODE = YES;
				CLANG_WARN__DUPLICATE_METHOD_MATCH = YES;
				CODE_SIGN_IDENTITY = "-";
				COPY_PHASE_STRIP = NO;
				DEBUG_INFORMATION_FORMAT = dwarf;
				ENABLE_STRICT_OBJC_MSGSEND = YES;
				ENABLE_TESTABILITY = YES;
				GCC_C_LANGUAGE_STANDARD = gnu11;
				GCC_DYNAMIC_NO_PIC = NO;
				GCC_NO_COMMON_BLOCKS = YES;
				GCC_OPTIMIZATION_LEVEL = 0;
				GCC_PREPROCESSOR_DEFINITIONS = (
					"DEBUG=1",
					"$(inherited)",
				);
				GCC_WARN_64_TO_32_BIT_CONVERSION = YES;
				GCC_WARN_ABOUT_RETURN_TYPE = YES_ERROR;
				GCC_WARN_UNDECLARED_SELECTOR = YES;
				GCC_WARN_UNINITIALIZED_AUTOS = YES_AGGRESSIVE;
				GCC_WARN_UNUSED_FUNCTION = YES;
				GCC_WARN_UNUSED_VARIABLE = YES;
				MACOSX_DEPLOYMENT_TARGET = 10.13;
				MTL_ENABLE_DEBUG_INFO = YES;
				ONLY_ACTIVE_ARCH = YES;
				SDKROOT = macosx;
			};
			name = Debug;
		};
		DD3B1AC61FBF7D90005E9485 /* Release */ = {
			isa = XCBuildConfiguration;
			buildSettings = {
				ALWAYS_SEARCH_USER_PATHS = NO;
				CLANG_ANALYZER_NONNULL = YES;
				CLANG_ANALYZER_NUMBER_OBJECT_CONVERSION = YES_AGGRESSIVE;
				CLANG_CXX_LANGUAGE_STANDARD = "gnu++14";
				CLANG_CXX_LIBRARY = "libc++";
				CLANG_ENABLE_MODULES = YES;
				CLANG_ENABLE_OBJC_ARC = YES;
				CLANG_WARN_BLOCK_CAPTURE_AUTORELEASING = YES;
				CLANG_WARN_BOOL_CONVERSION = YES;
				CLANG_WARN_COMMA = YES;
				CLANG_WARN_CONSTANT_CONVERSION = YES;
				CLANG_WARN_DIRECT_OBJC_ISA_USAGE = YES_ERROR;
				CLANG_WARN_DOCUMENTATION_COMMENTS = YES;
				CLANG_WARN_EMPTY_BODY = YES;
				CLANG_WARN_ENUM_CONVERSION = YES;
				CLANG_WARN_INFINITE_RECURSION = YES;
				CLANG_WARN_INT_CONVERSION = YES;
				CLANG_WARN_NON_LITERAL_NULL_CONVERSION = YES;
				CLANG_WARN_OBJC_LITERAL_CONVERSION = YES;
				CLANG_WARN_OBJC_ROOT_CLASS = YES_ERROR;
				CLANG_WARN_RANGE_LOOP_ANALYSIS = YES;
				CLANG_WARN_STRICT_PROTOTYPES = YES;
				CLANG_WARN_SUSPICIOUS_MOVE = YES;
				CLANG_WARN_UNGUARDED_AVAILABILITY = YES_AGGRESSIVE;
				CLANG_WARN_UNREACHABLE_CODE = YES;
				CLANG_WARN__DUPLICATE_METHOD_MATCH = YES;
				CODE_SIGN_IDENTITY = "-";
				COPY_PHASE_STRIP = NO;
				DEBUG_INFORMATION_FORMAT = "dwarf-with-dsym";
				ENABLE_NS_ASSERTIONS = NO;
				ENABLE_STRICT_OBJC_MSGSEND = YES;
				GCC_C_LANGUAGE_STANDARD = gnu11;
				GCC_NO_COMMON_BLOCKS = YES;
				GCC_WARN_64_TO_32_BIT_CONVERSION = YES;
				GCC_WARN_ABOUT_RETURN_TYPE = YES_ERROR;
				GCC_WARN_UNDECLARED_SELECTOR = YES;
				GCC_WARN_UNINITIALIZED_AUTOS = YES_AGGRESSIVE;
				GCC_WARN_UNUSED_FUNCTION = YES;
				GCC_WARN_UNUSED_VARIABLE = YES;
				MACOSX_DEPLOYMENT_TARGET = 10.13;
				MTL_ENABLE_DEBUG_INFO = NO;
				SDKROOT = macosx;
			};
			name = Release;
		};
		DD3B1AC81FBF7D90005E9485 /* Debug */ = {
			isa = XCBuildConfiguration;
			buildSettings = {
				CODE_SIGN_STYLE = Automatic;
				HEADER_SEARCH_PATHS = "./Dependencies\\ Mac/include/**";
				LIBRARY_SEARCH_PATHS = /usr/local/lib/;
				PRODUCT_NAME = "$(TARGET_NAME)";
			};
			name = Debug;
		};
		DD3B1AC91FBF7D90005E9485 /* Release */ = {
			isa = XCBuildConfiguration;
			buildSettings = {
				CODE_SIGN_STYLE = Automatic;
				HEADER_SEARCH_PATHS = "./Dependencies\\ Mac/include/**";
				LIBRARY_SEARCH_PATHS = /usr/local/lib/;
				PRODUCT_NAME = "$(TARGET_NAME)";
			};
			name = Release;
		};
/* End XCBuildConfiguration section */

/* Begin XCConfigurationList section */
		DD3B1ABB1FBF7D90005E9485 /* Build configuration list for PBXProject "PAG" */ = {
			isa = XCConfigurationList;
			buildConfigurations = (
				DD3B1AC51FBF7D90005E9485 /* Debug */,
				DD3B1AC61FBF7D90005E9485 /* Release */,
			);
			defaultConfigurationIsVisible = 0;
			defaultConfigurationName = Release;
		};
		DD3B1AC71FBF7D90005E9485 /* Build configuration list for PBXNativeTarget "PAG" */ = {
			isa = XCConfigurationList;
			buildConfigurations = (
				DD3B1AC81FBF7D90005E9485 /* Debug */,
				DD3B1AC91FBF7D90005E9485 /* Release */,
			);
			defaultConfigurationIsVisible = 0;
			defaultConfigurationName = Release;
		};
/* End XCConfigurationList section */
	};
	rootObject = DD3B1AB81FBF7D90005E9485 /* Project object */;
}
