// !$*UTF8*$!
{
	archiveVersion = 1;
	classes = {
	};
	objectVersion = 48;
	objects = {

/* Begin PBXBuildFile section */
		DD041AE71FC3902900AC2AF7 /* Model.cpp in Sources */ = {isa = PBXBuildFile; fileRef = DD041AE51FC3902900AC2AF7 /* Model.cpp */; };
		DD041AEB1FC3AF6500AC2AF7 /* Node.cpp in Sources */ = {isa = PBXBuildFile; fileRef = DD041AE91FC3AF6500AC2AF7 /* Node.cpp */; };
		DD21E07E201002D5007F606D /* ModelCreator.cpp in Sources */ = {isa = PBXBuildFile; fileRef = DD21E07C201002D5007F606D /* ModelCreator.cpp */; };
		DD3705CE1FD916ED000DE9C4 /* DirectionalLight.cpp in Sources */ = {isa = PBXBuildFile; fileRef = DD3705CC1FD916ED000DE9C4 /* DirectionalLight.cpp */; };
		DD3705D11FD91A58000DE9C4 /* SpotLight.cpp in Sources */ = {isa = PBXBuildFile; fileRef = DD3705CF1FD91A58000DE9C4 /* SpotLight.cpp */; };
		DD3B1AD01FBF7E74005E9485 /* OpenGL.framework in Frameworks */ = {isa = PBXBuildFile; fileRef = DD3B1ACF1FBF7E6B005E9485 /* OpenGL.framework */; };
		DD3B1ADD1FBF830E005E9485 /* libassimp.4.0.1.dylib in Frameworks */ = {isa = PBXBuildFile; fileRef = DD3B1ACB1FBF7E48005E9485 /* libassimp.4.0.1.dylib */; };
		DD3B1ADE1FBF8318005E9485 /* libglfw.3.3.dylib in Frameworks */ = {isa = PBXBuildFile; fileRef = DD3B1ACD1FBF7E64005E9485 /* libglfw.3.3.dylib */; };
		DD3B1AE31FBF8518005E9485 /* glad.c in Sources */ = {isa = PBXBuildFile; fileRef = DD3B1AE11FBF8517005E9485 /* glad.c */; settings = {COMPILER_FLAGS = "-w"; }; };
		DD3B1AE41FBF8518005E9485 /* stb_image.cpp in Sources */ = {isa = PBXBuildFile; fileRef = DD3B1AE21FBF8518005E9485 /* stb_image.cpp */; settings = {COMPILER_FLAGS = "-w"; }; };
		DD7002A41FC4F4E200B198C5 /* Materials.cpp in Sources */ = {isa = PBXBuildFile; fileRef = DD7002A21FC4F4E200B198C5 /* Materials.cpp */; };
		DD9E91101FC64988009C0AE3 /* ModelNodePicker.cpp in Sources */ = {isa = PBXBuildFile; fileRef = DD9E910E1FC64988009C0AE3 /* ModelNodePicker.cpp */; };
		DD9E91131FC6AEA2009C0AE3 /* UserInterface.cpp in Sources */ = {isa = PBXBuildFile; fileRef = DD9E91111FC6AEA2009C0AE3 /* UserInterface.cpp */; };
		DD9E91191FC6AF90009C0AE3 /* imgui.cpp in Sources */ = {isa = PBXBuildFile; fileRef = DD9E91161FC6AF90009C0AE3 /* imgui.cpp */; settings = {COMPILER_FLAGS = "-w"; }; };
		DD9E911A1FC6AF90009C0AE3 /* imgui_draw.cpp in Sources */ = {isa = PBXBuildFile; fileRef = DD9E91171FC6AF90009C0AE3 /* imgui_draw.cpp */; settings = {COMPILER_FLAGS = "-w"; }; };
		DD9E91211FC6B45C009C0AE3 /* imgui_impl_glfw_gl3.cpp in Sources */ = {isa = PBXBuildFile; fileRef = DD9E911F1FC6B45B009C0AE3 /* imgui_impl_glfw_gl3.cpp */; settings = {COMPILER_FLAGS = "-w"; }; };
		DDD878301FBF8C9A00109AC6 /* Core.cpp in Sources */ = {isa = PBXBuildFile; fileRef = DDD8781C1FBF8C9900109AC6 /* Core.cpp */; };
		DDD878311FBF8C9A00109AC6 /* Transform.cpp in Sources */ = {isa = PBXBuildFile; fileRef = DDD8781D1FBF8C9900109AC6 /* Transform.cpp */; };
		DDD878321FBF8C9A00109AC6 /* Window.cpp in Sources */ = {isa = PBXBuildFile; fileRef = DDD878201FBF8C9900109AC6 /* Window.cpp */; };
		DDD878331FBF8C9A00109AC6 /* Texture.cpp in Sources */ = {isa = PBXBuildFile; fileRef = DDD878241FBF8C9900109AC6 /* Texture.cpp */; };
		DDD878341FBF8C9A00109AC6 /* main.cpp in Sources */ = {isa = PBXBuildFile; fileRef = DDD878261FBF8C9900109AC6 /* main.cpp */; };
		DDD878351FBF8C9A00109AC6 /* Mesh.cpp in Sources */ = {isa = PBXBuildFile; fileRef = DDD878271FBF8C9900109AC6 /* Mesh.cpp */; };
		DDD878361FBF8C9A00109AC6 /* Camera.cpp in Sources */ = {isa = PBXBuildFile; fileRef = DDD8782B1FBF8C9A00109AC6 /* Camera.cpp */; };
		DDD878371FBF8C9A00109AC6 /* Input.cpp in Sources */ = {isa = PBXBuildFile; fileRef = DDD8782C1FBF8C9A00109AC6 /* Input.cpp */; };
		DDD878381FBF8C9A00109AC6 /* Scene.cpp in Sources */ = {isa = PBXBuildFile; fileRef = DDD8782D1FBF8C9A00109AC6 /* Scene.cpp */; };
		DDD878391FBF8C9A00109AC6 /* Shader.cpp in Sources */ = {isa = PBXBuildFile; fileRef = DDD8782E1FBF8C9A00109AC6 /* Shader.cpp */; };
		DDF9C621200FC1C6005F68B7 /* GBuffer.cpp in Sources */ = {isa = PBXBuildFile; fileRef = DDF9C61F200FC1C6005F68B7 /* GBuffer.cpp */; };
		DDFBF2A71FD61D1500EC76B3 /* BaseLight.cpp in Sources */ = {isa = PBXBuildFile; fileRef = DDFBF2A51FD61D1500EC76B3 /* BaseLight.cpp */; };
		DDFBF2AA1FD65D4A00EC76B3 /* PointLight.cpp in Sources */ = {isa = PBXBuildFile; fileRef = DDFBF2A81FD65D4A00EC76B3 /* PointLight.cpp */; };
/* End PBXBuildFile section */

/* Begin PBXCopyFilesBuildPhase section */
		DD3B1ABE1FBF7D90005E9485 /* CopyFiles */ = {
			isa = PBXCopyFilesBuildPhase;
			buildActionMask = 2147483647;
			dstPath = /usr/share/man/man1/;
			dstSubfolderSpec = 0;
			files = (
			);
			runOnlyForDeploymentPostprocessing = 1;
		};
/* End PBXCopyFilesBuildPhase section */

/* Begin PBXFileReference section */
		DD041AE51FC3902900AC2AF7 /* Model.cpp */ = {isa = PBXFileReference; lastKnownFileType = sourcecode.cpp.cpp; path = Model.cpp; sourceTree = "<group>"; };
		DD041AE61FC3902900AC2AF7 /* Model.hpp */ = {isa = PBXFileReference; lastKnownFileType = sourcecode.cpp.h; path = Model.hpp; sourceTree = "<group>"; };
		DD041AE91FC3AF6500AC2AF7 /* Node.cpp */ = {isa = PBXFileReference; lastKnownFileType = sourcecode.cpp.cpp; path = Node.cpp; sourceTree = "<group>"; };
		DD041AEA1FC3AF6500AC2AF7 /* Node.hpp */ = {isa = PBXFileReference; lastKnownFileType = sourcecode.cpp.h; path = Node.hpp; sourceTree = "<group>"; };
		DD21E07C201002D5007F606D /* ModelCreator.cpp */ = {isa = PBXFileReference; lastKnownFileType = sourcecode.cpp.cpp; path = ModelCreator.cpp; sourceTree = "<group>"; };
		DD21E07D201002D5007F606D /* ModelCreator.hpp */ = {isa = PBXFileReference; lastKnownFileType = sourcecode.cpp.h; path = ModelCreator.hpp; sourceTree = "<group>"; };
		DD21E07F20101449007F606D /* lightPass.vert */ = {isa = PBXFileReference; lastKnownFileType = sourcecode.glsl; path = lightPass.vert; sourceTree = "<group>"; };
		DD21E08020101449007F606D /* lightPass.frag */ = {isa = PBXFileReference; lastKnownFileType = sourcecode.glsl; path = lightPass.frag; sourceTree = "<group>"; };
		DD3705CC1FD916ED000DE9C4 /* DirectionalLight.cpp */ = {isa = PBXFileReference; lastKnownFileType = sourcecode.cpp.cpp; path = DirectionalLight.cpp; sourceTree = "<group>"; };
		DD3705CD1FD916ED000DE9C4 /* DirectionalLight.hpp */ = {isa = PBXFileReference; lastKnownFileType = sourcecode.cpp.h; path = DirectionalLight.hpp; sourceTree = "<group>"; };
		DD3705CF1FD91A58000DE9C4 /* SpotLight.cpp */ = {isa = PBXFileReference; lastKnownFileType = sourcecode.cpp.cpp; path = SpotLight.cpp; sourceTree = "<group>"; };
		DD3705D01FD91A58000DE9C4 /* SpotLight.hpp */ = {isa = PBXFileReference; lastKnownFileType = sourcecode.cpp.h; path = SpotLight.hpp; sourceTree = "<group>"; };
		DD3B1AC01FBF7D90005E9485 /* PAG */ = {isa = PBXFileReference; explicitFileType = "compiled.mach-o.executable"; includeInIndex = 0; path = PAG; sourceTree = BUILT_PRODUCTS_DIR; };
		DD3B1ACB1FBF7E48005E9485 /* libassimp.4.0.1.dylib */ = {isa = PBXFileReference; lastKnownFileType = "compiled.mach-o.dylib"; name = libassimp.4.0.1.dylib; path = ../../../../../../../../usr/local/Cellar/assimp/4.0.1/lib/libassimp.4.0.1.dylib; sourceTree = "<group>"; };
		DD3B1ACD1FBF7E64005E9485 /* libglfw.3.3.dylib */ = {isa = PBXFileReference; lastKnownFileType = "compiled.mach-o.dylib"; name = libglfw.3.3.dylib; path = ../../../../../../../../usr/local/lib/libglfw.3.3.dylib; sourceTree = "<group>"; };
		DD3B1ACF1FBF7E6B005E9485 /* OpenGL.framework */ = {isa = PBXFileReference; lastKnownFileType = wrapper.framework; name = OpenGL.framework; path = System/Library/Frameworks/OpenGL.framework; sourceTree = SDKROOT; };
		DD3B1AD11FBF7FB8005E9485 /* libassimp.4.0.1.dylib */ = {isa = PBXFileReference; lastKnownFileType = "compiled.mach-o.dylib"; name = libassimp.4.0.1.dylib; path = "Dependencies Mac/libs/libassimp.4.0.1.dylib"; sourceTree = "<group>"; };
		DD3B1AD31FBF7FC1005E9485 /* libglfw.3.3.dylib */ = {isa = PBXFileReference; lastKnownFileType = "compiled.mach-o.dylib"; name = libglfw.3.3.dylib; path = "Dependencies Mac/libs/libglfw.3.3.dylib"; sourceTree = "<group>"; };
		DD3B1AD91FBF8232005E9485 /* libglfw.dylib */ = {isa = PBXFileReference; lastKnownFileType = "compiled.mach-o.dylib"; name = libglfw.dylib; path = "Dependencies Mac/libs/libglfw.dylib"; sourceTree = "<group>"; };
		DD3B1ADB1FBF826B005E9485 /* libglfw3.3.dylib */ = {isa = PBXFileReference; lastKnownFileType = "compiled.mach-o.dylib"; name = libglfw3.3.dylib; path = "Dependencies Mac/libs/libglfw3.3.dylib"; sourceTree = "<group>"; };
		DD3B1ADF1FBF847E005E9485 /* README.md */ = {isa = PBXFileReference; lastKnownFileType = net.daringfireball.markdown; path = README.md; sourceTree = "<group>"; };
		DD3B1AE01FBF8495005E9485 /* LICENSE */ = {isa = PBXFileReference; lastKnownFileType = text; path = LICENSE; sourceTree = "<group>"; };
		DD3B1AE11FBF8517005E9485 /* glad.c */ = {isa = PBXFileReference; fileEncoding = 4; lastKnownFileType = sourcecode.c.c; path = glad.c; sourceTree = "<group>"; };
		DD3B1AE21FBF8518005E9485 /* stb_image.cpp */ = {isa = PBXFileReference; fileEncoding = 4; lastKnownFileType = sourcecode.cpp.cpp; path = stb_image.cpp; sourceTree = "<group>"; };
		DD7002A01FC4E37300B198C5 /* Material.hpp */ = {isa = PBXFileReference; lastKnownFileType = sourcecode.cpp.h; path = Material.hpp; sourceTree = "<group>"; };
		DD7002A21FC4F4E200B198C5 /* Materials.cpp */ = {isa = PBXFileReference; lastKnownFileType = sourcecode.cpp.cpp; path = Materials.cpp; sourceTree = "<group>"; };
		DD7002A31FC4F4E200B198C5 /* Materials.hpp */ = {isa = PBXFileReference; lastKnownFileType = sourcecode.cpp.h; path = Materials.hpp; sourceTree = "<group>"; };
		DD9E910E1FC64988009C0AE3 /* ModelNodePicker.cpp */ = {isa = PBXFileReference; lastKnownFileType = sourcecode.cpp.cpp; path = ModelNodePicker.cpp; sourceTree = "<group>"; };
		DD9E910F1FC64988009C0AE3 /* ModelNodePicker.hpp */ = {isa = PBXFileReference; lastKnownFileType = sourcecode.cpp.h; path = ModelNodePicker.hpp; sourceTree = "<group>"; };
		DD9E91111FC6AEA2009C0AE3 /* UserInterface.cpp */ = {isa = PBXFileReference; lastKnownFileType = sourcecode.cpp.cpp; path = UserInterface.cpp; sourceTree = "<group>"; };
		DD9E91121FC6AEA2009C0AE3 /* UserInterface.hpp */ = {isa = PBXFileReference; lastKnownFileType = sourcecode.cpp.h; path = UserInterface.hpp; sourceTree = "<group>"; };
		DD9E91141FC6AF90009C0AE3 /* imgui.h */ = {isa = PBXFileReference; fileEncoding = 4; lastKnownFileType = sourcecode.c.h; path = imgui.h; sourceTree = "<group>"; };
		DD9E91151FC6AF90009C0AE3 /* imconfig.h */ = {isa = PBXFileReference; fileEncoding = 4; lastKnownFileType = sourcecode.c.h; path = imconfig.h; sourceTree = "<group>"; };
		DD9E91161FC6AF90009C0AE3 /* imgui.cpp */ = {isa = PBXFileReference; fileEncoding = 4; lastKnownFileType = sourcecode.cpp.cpp; path = imgui.cpp; sourceTree = "<group>"; };
		DD9E91171FC6AF90009C0AE3 /* imgui_draw.cpp */ = {isa = PBXFileReference; fileEncoding = 4; lastKnownFileType = sourcecode.cpp.cpp; path = imgui_draw.cpp; sourceTree = "<group>"; };
		DD9E91181FC6AF90009C0AE3 /* imgui_internal.h */ = {isa = PBXFileReference; fileEncoding = 4; lastKnownFileType = sourcecode.c.h; path = imgui_internal.h; sourceTree = "<group>"; };
		DD9E911C1FC6B092009C0AE3 /* stb_truetype.h */ = {isa = PBXFileReference; lastKnownFileType = sourcecode.c.h; path = stb_truetype.h; sourceTree = "<group>"; };
		DD9E911D1FC6B092009C0AE3 /* stb_textedit.h */ = {isa = PBXFileReference; lastKnownFileType = sourcecode.c.h; path = stb_textedit.h; sourceTree = "<group>"; };
		DD9E911E1FC6B093009C0AE3 /* stb_rect_pack.h */ = {isa = PBXFileReference; lastKnownFileType = sourcecode.c.h; path = stb_rect_pack.h; sourceTree = "<group>"; };
		DD9E911F1FC6B45B009C0AE3 /* imgui_impl_glfw_gl3.cpp */ = {isa = PBXFileReference; fileEncoding = 4; lastKnownFileType = sourcecode.cpp.cpp; path = imgui_impl_glfw_gl3.cpp; sourceTree = "<group>"; };
		DD9E91201FC6B45C009C0AE3 /* imgui_impl_glfw_gl3.h */ = {isa = PBXFileReference; fileEncoding = 4; lastKnownFileType = sourcecode.c.h; path = imgui_impl_glfw_gl3.h; sourceTree = "<group>"; };
		DDD8781C1FBF8C9900109AC6 /* Core.cpp */ = {isa = PBXFileReference; fileEncoding = 4; lastKnownFileType = sourcecode.cpp.cpp; path = Core.cpp; sourceTree = "<group>"; };
		DDD8781D1FBF8C9900109AC6 /* Transform.cpp */ = {isa = PBXFileReference; fileEncoding = 4; lastKnownFileType = sourcecode.cpp.cpp; path = Transform.cpp; sourceTree = "<group>"; };
		DDD8781E1FBF8C9900109AC6 /* Shader.hpp */ = {isa = PBXFileReference; fileEncoding = 4; lastKnownFileType = sourcecode.cpp.h; path = Shader.hpp; sourceTree = "<group>"; };
		DDD8781F1FBF8C9900109AC6 /* Scene.hpp */ = {isa = PBXFileReference; fileEncoding = 4; lastKnownFileType = sourcecode.cpp.h; path = Scene.hpp; sourceTree = "<group>"; };
		DDD878201FBF8C9900109AC6 /* Window.cpp */ = {isa = PBXFileReference; fileEncoding = 4; lastKnownFileType = sourcecode.cpp.cpp; path = Window.cpp; sourceTree = "<group>"; };
		DDD878211FBF8C9900109AC6 /* Camera.hpp */ = {isa = PBXFileReference; fileEncoding = 4; lastKnownFileType = sourcecode.cpp.h; path = Camera.hpp; sourceTree = "<group>"; };
		DDD878221FBF8C9900109AC6 /* Input.hpp */ = {isa = PBXFileReference; fileEncoding = 4; lastKnownFileType = sourcecode.cpp.h; path = Input.hpp; sourceTree = "<group>"; };
		DDD878231FBF8C9900109AC6 /* Core.hpp */ = {isa = PBXFileReference; fileEncoding = 4; lastKnownFileType = sourcecode.cpp.h; path = Core.hpp; sourceTree = "<group>"; };
		DDD878241FBF8C9900109AC6 /* Texture.cpp */ = {isa = PBXFileReference; fileEncoding = 4; lastKnownFileType = sourcecode.cpp.cpp; path = Texture.cpp; sourceTree = "<group>"; };
		DDD878251FBF8C9900109AC6 /* Window.hpp */ = {isa = PBXFileReference; fileEncoding = 4; lastKnownFileType = sourcecode.cpp.h; path = Window.hpp; sourceTree = "<group>"; };
		DDD878261FBF8C9900109AC6 /* main.cpp */ = {isa = PBXFileReference; fileEncoding = 4; lastKnownFileType = sourcecode.cpp.cpp; name = main.cpp; path = PAG/main.cpp; sourceTree = "<group>"; };
		DDD878271FBF8C9900109AC6 /* Mesh.cpp */ = {isa = PBXFileReference; fileEncoding = 4; lastKnownFileType = sourcecode.cpp.cpp; path = Mesh.cpp; sourceTree = "<group>"; };
		DDD878281FBF8C9A00109AC6 /* Mesh.hpp */ = {isa = PBXFileReference; fileEncoding = 4; lastKnownFileType = sourcecode.cpp.h; path = Mesh.hpp; sourceTree = "<group>"; };
		DDD878291FBF8C9A00109AC6 /* Texture.hpp */ = {isa = PBXFileReference; fileEncoding = 4; lastKnownFileType = sourcecode.cpp.h; path = Texture.hpp; sourceTree = "<group>"; };
		DDD8782A1FBF8C9A00109AC6 /* Transform.hpp */ = {isa = PBXFileReference; fileEncoding = 4; lastKnownFileType = sourcecode.cpp.h; path = Transform.hpp; sourceTree = "<group>"; };
		DDD8782B1FBF8C9A00109AC6 /* Camera.cpp */ = {isa = PBXFileReference; fileEncoding = 4; lastKnownFileType = sourcecode.cpp.cpp; path = Camera.cpp; sourceTree = "<group>"; };
		DDD8782C1FBF8C9A00109AC6 /* Input.cpp */ = {isa = PBXFileReference; fileEncoding = 4; lastKnownFileType = sourcecode.cpp.cpp; path = Input.cpp; sourceTree = "<group>"; };
		DDD8782D1FBF8C9A00109AC6 /* Scene.cpp */ = {isa = PBXFileReference; fileEncoding = 4; lastKnownFileType = sourcecode.cpp.cpp; path = Scene.cpp; sourceTree = "<group>"; };
		DDD8782E1FBF8C9A00109AC6 /* Shader.cpp */ = {isa = PBXFileReference; fileEncoding = 4; lastKnownFileType = sourcecode.cpp.cpp; path = Shader.cpp; sourceTree = "<group>"; };
		DDD8782F1FBF8C9A00109AC6 /* Config.hpp */ = {isa = PBXFileReference; fileEncoding = 4; lastKnownFileType = sourcecode.cpp.h; name = Config.hpp; path = PAG/Config.hpp; sourceTree = "<group>"; };
		DDEF9D3F2010652200CCF4AE /* nullShader.frag */ = {isa = PBXFileReference; lastKnownFileType = sourcecode.glsl; path = nullShader.frag; sourceTree = "<group>"; };
		DDF9C61F200FC1C6005F68B7 /* GBuffer.cpp */ = {isa = PBXFileReference; lastKnownFileType = sourcecode.cpp.cpp; path = GBuffer.cpp; sourceTree = "<group>"; };
		DDF9C620200FC1C6005F68B7 /* GBuffer.hpp */ = {isa = PBXFileReference; lastKnownFileType = sourcecode.cpp.h; path = GBuffer.hpp; sourceTree = "<group>"; };
		DDF9C622200FD273005F68B7 /* debug.geom */ = {isa = PBXFileReference; lastKnownFileType = sourcecode.glsl; path = debug.geom; sourceTree = "<group>"; };
		DDF9C623200FD273005F68B7 /* debug.vert */ = {isa = PBXFileReference; lastKnownFileType = sourcecode.glsl; path = debug.vert; sourceTree = "<group>"; };
		DDF9C624200FD273005F68B7 /* geometryPass.frag */ = {isa = PBXFileReference; lastKnownFileType = sourcecode.glsl; path = geometryPass.frag; sourceTree = "<group>"; };
		DDF9C625200FD273005F68B7 /* debug.frag */ = {isa = PBXFileReference; lastKnownFileType = sourcecode.glsl; path = debug.frag; sourceTree = "<group>"; };
		DDF9C628200FD273005F68B7 /* geometryPass.vert */ = {isa = PBXFileReference; lastKnownFileType = sourcecode.glsl; path = geometryPass.vert; sourceTree = "<group>"; };
		DDF9C62B200FD281005F68B7 /* Cubes.fbx */ = {isa = PBXFileReference; lastKnownFileType = file; path = Cubes.fbx; sourceTree = "<group>"; };
		DDF9C62E200FD281005F68B7 /* 2b_head_dif.png */ = {isa = PBXFileReference; lastKnownFileType = image.png; path = 2b_head_dif.png; sourceTree = "<group>"; };
		DDF9C62F200FD281005F68B7 /* 2b_hair1_dif.png */ = {isa = PBXFileReference; lastKnownFileType = image.png; path = 2b_hair1_dif.png; sourceTree = "<group>"; };
		DDF9C630200FD281005F68B7 /* 2b_suit_spc.png */ = {isa = PBXFileReference; lastKnownFileType = image.png; path = 2b_suit_spc.png; sourceTree = "<group>"; };
		DDF9C631200FD281005F68B7 /* 2b_suit_nrm.png */ = {isa = PBXFileReference; lastKnownFileType = image.png; path = 2b_suit_nrm.png; sourceTree = "<group>"; };
		DDF9C632200FD281005F68B7 /* 2b_hair2_dif.png */ = {isa = PBXFileReference; lastKnownFileType = image.png; path = 2b_hair2_dif.png; sourceTree = "<group>"; };
		DDF9C633200FD281005F68B7 /* 2b_suit_dif.png */ = {isa = PBXFileReference; lastKnownFileType = image.png; path = 2b_suit_dif.png; sourceTree = "<group>"; };
		DDF9C634200FD281005F68B7 /* 2b_hair2_nrm.png */ = {isa = PBXFileReference; lastKnownFileType = image.png; path = 2b_hair2_nrm.png; sourceTree = "<group>"; };
		DDF9C635200FD281005F68B7 /* 2b_hair2_spc.png */ = {isa = PBXFileReference; lastKnownFileType = image.png; path = 2b_hair2_spc.png; sourceTree = "<group>"; };
		DDF9C636200FD281005F68B7 /* 2b_head_nrm.png */ = {isa = PBXFileReference; lastKnownFileType = image.png; path = 2b_head_nrm.png; sourceTree = "<group>"; };
		DDF9C637200FD281005F68B7 /* 2b_head_spc.png */ = {isa = PBXFileReference; lastKnownFileType = image.png; path = 2b_head_spc.png; sourceTree = "<group>"; };
		DDF9C638200FD281005F68B7 /* 2b_hair1_spc.png */ = {isa = PBXFileReference; lastKnownFileType = image.png; path = 2b_hair1_spc.png; sourceTree = "<group>"; };
		DDF9C639200FD281005F68B7 /* 2b_hair1_nrm.png */ = {isa = PBXFileReference; lastKnownFileType = image.png; path = 2b_hair1_nrm.png; sourceTree = "<group>"; };
		DDF9C63B200FD281005F68B7 /* 2B.fbx */ = {isa = PBXFileReference; lastKnownFileType = file; path = 2B.fbx; sourceTree = "<group>"; };
		DDF9C63E200FD281005F68B7 /* LightSphere.obj */ = {isa = PBXFileReference; lastKnownFileType = text; path = LightSphere.obj; sourceTree = "<group>"; };
		DDF9C641200FD281005F68B7 /* body_showroom_ddn.png */ = {isa = PBXFileReference; lastKnownFileType = image.png; path = body_showroom_ddn.png; sourceTree = "<group>"; };
		DDF9C642200FD281005F68B7 /* helmet_showroom_ddn.png */ = {isa = PBXFileReference; lastKnownFileType = image.png; path = helmet_showroom_ddn.png; sourceTree = "<group>"; };
		DDF9C643200FD281005F68B7 /* arm_showroom_ddn.png */ = {isa = PBXFileReference; lastKnownFileType = image.png; path = arm_showroom_ddn.png; sourceTree = "<group>"; };
		DDF9C644200FD281005F68B7 /* arm_showroom_spec.png */ = {isa = PBXFileReference; lastKnownFileType = image.png; path = arm_showroom_spec.png; sourceTree = "<group>"; };
		DDF9C645200FD281005F68B7 /* leg_dif.png */ = {isa = PBXFileReference; lastKnownFileType = image.png; path = leg_dif.png; sourceTree = "<group>"; };
		DDF9C646200FD281005F68B7 /* helmet_dif.png */ = {isa = PBXFileReference; lastKnownFileType = image.png; path = helmet_dif.png; sourceTree = "<group>"; };
		DDF9C647200FD281005F68B7 /* cell_body_alpha.png */ = {isa = PBXFileReference; lastKnownFileType = image.png; path = cell_body_alpha.png; sourceTree = "<group>"; };
		DDF9C648200FD281005F68B7 /* hand_showroom_spec.png */ = {isa = PBXFileReference; lastKnownFileType = image.png; path = hand_showroom_spec.png; sourceTree = "<group>"; };
		DDF9C649200FD281005F68B7 /* glass_ddn.png */ = {isa = PBXFileReference; lastKnownFileType = image.png; path = glass_ddn.png; sourceTree = "<group>"; };
		DDF9C64A200FD281005F68B7 /* cell_hand_alpha.png */ = {isa = PBXFileReference; lastKnownFileType = image.png; path = cell_hand_alpha.png; sourceTree = "<group>"; };
		DDF9C64B200FD281005F68B7 /* body_dif.png */ = {isa = PBXFileReference; lastKnownFileType = image.png; path = body_dif.png; sourceTree = "<group>"; };
		DDF9C64C200FD281005F68B7 /* hand_showroom_ddn.png */ = {isa = PBXFileReference; lastKnownFileType = image.png; path = hand_showroom_ddn.png; sourceTree = "<group>"; };
		DDF9C64D200FD281005F68B7 /* glass_dif.png */ = {isa = PBXFileReference; lastKnownFileType = image.png; path = glass_dif.png; sourceTree = "<group>"; };
		DDF9C64E200FD281005F68B7 /* arm_dif.png */ = {isa = PBXFileReference; lastKnownFileType = image.png; path = arm_dif.png; sourceTree = "<group>"; };
		DDF9C64F200FD281005F68B7 /* cell_leg_alpha.png */ = {isa = PBXFileReference; lastKnownFileType = image.png; path = cell_leg_alpha.png; sourceTree = "<group>"; };
		DDF9C650200FD281005F68B7 /* helmet_diff.png */ = {isa = PBXFileReference; lastKnownFileType = image.png; path = helmet_diff.png; sourceTree = "<group>"; };
		DDF9C651200FD281005F68B7 /* cell_helmet_alpha.png */ = {isa = PBXFileReference; lastKnownFileType = image.png; path = cell_helmet_alpha.png; sourceTree = "<group>"; };
		DDF9C652200FD281005F68B7 /* leg_showroom_ddn.png */ = {isa = PBXFileReference; lastKnownFileType = image.png; path = leg_showroom_ddn.png; sourceTree = "<group>"; };
		DDF9C653200FD281005F68B7 /* cell_arm_alpha.png */ = {isa = PBXFileReference; lastKnownFileType = image.png; path = cell_arm_alpha.png; sourceTree = "<group>"; };
		DDF9C654200FD281005F68B7 /* helmet_showroom_spec.png */ = {isa = PBXFileReference; lastKnownFileType = image.png; path = helmet_showroom_spec.png; sourceTree = "<group>"; };
		DDF9C655200FD281005F68B7 /* leg_showroom_spec.png */ = {isa = PBXFileReference; lastKnownFileType = image.png; path = leg_showroom_spec.png; sourceTree = "<group>"; };
		DDF9C656200FD281005F68B7 /* cell_ddn.png */ = {isa = PBXFileReference; lastKnownFileType = image.png; path = cell_ddn.png; sourceTree = "<group>"; };
		DDF9C657200FD281005F68B7 /* body_showroom_ddn-kopia.png */ = {isa = PBXFileReference; lastKnownFileType = image.png; path = "body_showroom_ddn-kopia.png"; sourceTree = "<group>"; };
		DDF9C658200FD281005F68B7 /* body_showroom_spec.png */ = {isa = PBXFileReference; lastKnownFileType = image.png; path = body_showroom_spec.png; sourceTree = "<group>"; };
		DDF9C659200FD281005F68B7 /* hand_dif.png */ = {isa = PBXFileReference; lastKnownFileType = image.png; path = hand_dif.png; sourceTree = "<group>"; };
		DDF9C65B200FD281005F68B7 /* nanosuit.mtl */ = {isa = PBXFileReference; lastKnownFileType = text; path = nanosuit.mtl; sourceTree = "<group>"; };
		DDF9C65C200FD281005F68B7 /* nanosuit.obj */ = {isa = PBXFileReference; lastKnownFileType = text; path = nanosuit.obj; sourceTree = "<group>"; };
		DDF9C65F200FD281005F68B7 /* lion2_ddn.tga */ = {isa = PBXFileReference; lastKnownFileType = file; path = lion2_ddn.tga; sourceTree = "<group>"; };
		DDF9C660200FD281005F68B7 /* sponza_column_c_spec.tga */ = {isa = PBXFileReference; lastKnownFileType = file; path = sponza_column_c_spec.tga; sourceTree = "<group>"; };
		DDF9C661200FD281005F68B7 /* sponza_column_b_spec.tga */ = {isa = PBXFileReference; lastKnownFileType = file; path = sponza_column_b_spec.tga; sourceTree = "<group>"; };
		DDF9C662200FD281005F68B7 /* sponza_flagpole_diff.tga */ = {isa = PBXFileReference; lastKnownFileType = file; path = sponza_flagpole_diff.tga; sourceTree = "<group>"; };
		DDF9C663200FD281005F68B7 /* vase_plant_mask.tga */ = {isa = PBXFileReference; lastKnownFileType = file; path = vase_plant_mask.tga; sourceTree = "<group>"; };
		DDF9C664200FD281005F68B7 /* chain_texture.tga */ = {isa = PBXFileReference; lastKnownFileType = file; path = chain_texture.tga; sourceTree = "<group>"; };
		DDF9C665200FD281005F68B7 /* spnza_bricks_a_spec.tga */ = {isa = PBXFileReference; lastKnownFileType = file; path = spnza_bricks_a_spec.tga; sourceTree = "<group>"; };
		DDF9C666200FD281005F68B7 /* vase_round.tga */ = {isa = PBXFileReference; lastKnownFileType = file; path = vase_round.tga; sourceTree = "<group>"; };
		DDF9C667200FD281005F68B7 /* chain_texture_mask.tga */ = {isa = PBXFileReference; lastKnownFileType = file; path = chain_texture_mask.tga; sourceTree = "<group>"; };
		DDF9C668200FD281005F68B7 /* sponza_details_spec.tga */ = {isa = PBXFileReference; lastKnownFileType = file; path = sponza_details_spec.tga; sourceTree = "<group>"; };
		DDF9C669200FD281005F68B7 /* sponza_column_a_ddn.tga */ = {isa = PBXFileReference; lastKnownFileType = file; path = sponza_column_a_ddn.tga; sourceTree = "<group>"; };
		DDF9C66A200FD281005F68B7 /* lion_ddn.tga */ = {isa = PBXFileReference; lastKnownFileType = file; path = lion_ddn.tga; sourceTree = "<group>"; };
		DDF9C66B200FD281005F68B7 /* sponza_arch_diff.tga */ = {isa = PBXFileReference; lastKnownFileType = file; path = sponza_arch_diff.tga; sourceTree = "<group>"; };
		DDF9C66C200FD281005F68B7 /* lion.tga */ = {isa = PBXFileReference; lastKnownFileType = file; path = lion.tga; sourceTree = "<group>"; };
		DDF9C66D200FD281005F68B7 /* sponza_thorn_ddn.tga */ = {isa = PBXFileReference; lastKnownFileType = file; path = sponza_thorn_ddn.tga; sourceTree = "<group>"; };
		DDF9C66E200FD281005F68B7 /* sponza_column_c_ddn.tga */ = {isa = PBXFileReference; lastKnownFileType = file; path = sponza_column_c_ddn.tga; sourceTree = "<group>"; };
		DDF9C66F200FD281005F68B7 /* vase_plant.tga */ = {isa = PBXFileReference; lastKnownFileType = file; path = vase_plant.tga; sourceTree = "<group>"; };
		DDF9C670200FD281005F68B7 /* sponza_arch_ddn.tga */ = {isa = PBXFileReference; lastKnownFileType = file; path = sponza_arch_ddn.tga; sourceTree = "<group>"; };
		DDF9C671200FD281005F68B7 /* sponza_fabric_green_diff.tga */ = {isa = PBXFileReference; lastKnownFileType = file; path = sponza_fabric_green_diff.tga; sourceTree = "<group>"; };
		DDF9C672200FD281005F68B7 /* vase_hanging.tga */ = {isa = PBXFileReference; lastKnownFileType = file; path = vase_hanging.tga; sourceTree = "<group>"; };
		DDF9C673200FD281005F68B7 /* sponza_arch_spec.tga */ = {isa = PBXFileReference; lastKnownFileType = file; path = sponza_arch_spec.tga; sourceTree = "<group>"; };
		DDF9C674200FD281005F68B7 /* vase_dif.tga */ = {isa = PBXFileReference; lastKnownFileType = file; path = vase_dif.tga; sourceTree = "<group>"; };
		DDF9C675200FD281005F68B7 /* sponza_details_diff.tga */ = {isa = PBXFileReference; lastKnownFileType = file; path = sponza_details_diff.tga; sourceTree = "<group>"; };
		DDF9C676200FD281005F68B7 /* sponza_flagpole_spec.tga */ = {isa = PBXFileReference; lastKnownFileType = file; path = sponza_flagpole_spec.tga; sourceTree = "<group>"; };
		DDF9C677200FD281005F68B7 /* background.tga */ = {isa = PBXFileReference; lastKnownFileType = file; path = background.tga; sourceTree = "<group>"; };
		DDF9C678200FD281005F68B7 /* spnza_bricks_a_diff.tga */ = {isa = PBXFileReference; lastKnownFileType = file; path = spnza_bricks_a_diff.tga; sourceTree = "<group>"; };
		DDF9C679200FD281005F68B7 /* sponza_thorn_mask.tga */ = {isa = PBXFileReference; lastKnownFileType = file; path = sponza_thorn_mask.tga; sourceTree = "<group>"; };
		DDF9C67A200FD281005F68B7 /* sponza_column_b_ddn.tga */ = {isa = PBXFileReference; lastKnownFileType = file; path = sponza_column_b_ddn.tga; sourceTree = "<group>"; };
		DDF9C67B200FD281005F68B7 /* sponza_column_c_diff.tga */ = {isa = PBXFileReference; lastKnownFileType = file; path = sponza_column_c_diff.tga; sourceTree = "<group>"; };
		DDF9C67C200FD281005F68B7 /* sponza_column_b_diff.tga */ = {isa = PBXFileReference; lastKnownFileType = file; path = sponza_column_b_diff.tga; sourceTree = "<group>"; };
		DDF9C67D200FD281005F68B7 /* sponza_roof_diff.tga */ = {isa = PBXFileReference; lastKnownFileType = file; path = sponza_roof_diff.tga; sourceTree = "<group>"; };
		DDF9C67E200FD281005F68B7 /* sponza_curtain_blue_diff.tga */ = {isa = PBXFileReference; lastKnownFileType = file; path = sponza_curtain_blue_diff.tga; sourceTree = "<group>"; };
		DDF9C67F200FD281005F68B7 /* background_ddn.tif */ = {isa = PBXFileReference; lastKnownFileType = image.tiff; path = background_ddn.tif; sourceTree = "<group>"; };
		DDF9C680200FD281005F68B7 /* vase_round_ddn.tga */ = {isa = PBXFileReference; lastKnownFileType = file; path = vase_round_ddn.tga; sourceTree = "<group>"; };
		DDF9C681200FD281005F68B7 /* spnza_bricks_a_ddn.tga */ = {isa = PBXFileReference; lastKnownFileType = file; path = spnza_bricks_a_ddn.tga; sourceTree = "<group>"; };
		DDF9C682200FD281005F68B7 /* sponza_fabric_diff.tga */ = {isa = PBXFileReference; lastKnownFileType = file; path = sponza_fabric_diff.tga; sourceTree = "<group>"; };
		DDF9C683200FD281005F68B7 /* sponza_floor_a_spec.tga */ = {isa = PBXFileReference; lastKnownFileType = file; path = sponza_floor_a_spec.tga; sourceTree = "<group>"; };
		DDF9C684200FD281005F68B7 /* vase_plant_spec.tga */ = {isa = PBXFileReference; lastKnownFileType = file; path = vase_plant_spec.tga; sourceTree = "<group>"; };
		DDF9C685200FD281005F68B7 /* vase_round_spec.tga */ = {isa = PBXFileReference; lastKnownFileType = file; path = vase_round_spec.tga; sourceTree = "<group>"; };
		DDF9C686200FD281005F68B7 /* sponza_thorn_diff.tga */ = {isa = PBXFileReference; lastKnownFileType = file; path = sponza_thorn_diff.tga; sourceTree = "<group>"; };
		DDF9C687200FD281005F68B7 /* sponza_curtain_diff.tga */ = {isa = PBXFileReference; lastKnownFileType = file; path = sponza_curtain_diff.tga; sourceTree = "<group>"; };
		DDF9C688200FD281005F68B7 /* sponza_ceiling_a_diff.tga */ = {isa = PBXFileReference; lastKnownFileType = file; path = sponza_ceiling_a_diff.tga; sourceTree = "<group>"; };
		DDF9C689200FD281005F68B7 /* vase_ddn.tga */ = {isa = PBXFileReference; lastKnownFileType = file; path = vase_ddn.tga; sourceTree = "<group>"; };
		DDF9C68A200FD281005F68B7 /* sponza_column_a_spec.tga */ = {isa = PBXFileReference; lastKnownFileType = file; path = sponza_column_a_spec.tga; sourceTree = "<group>"; };
		DDF9C68B200FD281005F68B7 /* sponza_ceiling_a_spec.tga */ = {isa = PBXFileReference; lastKnownFileType = file; path = sponza_ceiling_a_spec.tga; sourceTree = "<group>"; };
		DDF9C68C200FD281005F68B7 /* sponza_column_a_diff.tga */ = {isa = PBXFileReference; lastKnownFileType = file; path = sponza_column_a_diff.tga; sourceTree = "<group>"; };
		DDF9C68D200FD281005F68B7 /* sponza_floor_a_diff.tga */ = {isa = PBXFileReference; lastKnownFileType = file; path = sponza_floor_a_diff.tga; sourceTree = "<group>"; };
		DDF9C68E200FD281005F68B7 /* sponza_thorn_spec.tga */ = {isa = PBXFileReference; lastKnownFileType = file; path = sponza_thorn_spec.tga; sourceTree = "<group>"; };
		DDF9C68F200FD281005F68B7 /* sponza_curtain_green_diff.tga */ = {isa = PBXFileReference; lastKnownFileType = file; path = sponza_curtain_green_diff.tga; sourceTree = "<group>"; };
		DDF9C690200FD281005F68B7 /* sponza_fabric_spec.tga */ = {isa = PBXFileReference; lastKnownFileType = file; path = sponza_fabric_spec.tga; sourceTree = "<group>"; };
		DDF9C691200FD281005F68B7 /* sponza_fabric_blue_diff.tga */ = {isa = PBXFileReference; lastKnownFileType = file; path = sponza_fabric_blue_diff.tga; sourceTree = "<group>"; };
		DDF9C692200FD281005F68B7 /* chain_texture_ddn.tga */ = {isa = PBXFileReference; lastKnownFileType = file; path = chain_texture_ddn.tga; sourceTree = "<group>"; };
		DDF9C693200FD281005F68B7 /* background_ddn.tga */ = {isa = PBXFileReference; lastKnownFileType = file; path = background_ddn.tga; sourceTree = "<group>"; };
		DDF9C695200FD281005F68B7 /* sponza.mtl */ = {isa = PBXFileReference; lastKnownFileType = text; path = sponza.mtl; sourceTree = "<group>"; };
		DDF9C696200FD281005F68B7 /* sponza.obj */ = {isa = PBXFileReference; lastKnownFileType = text; path = sponza.obj; sourceTree = "<group>"; };
		DDF9C699200FD282005F68B7 /* Sphere002NormalsMap.png */ = {isa = PBXFileReference; lastKnownFileType = image.png; path = Sphere002NormalsMap.png; sourceTree = "<group>"; };
		DDF9C69B200FD282005F68B7 /* Spheres.obj */ = {isa = PBXFileReference; lastKnownFileType = text; path = Spheres.obj; sourceTree = "<group>"; };
		DDF9C69C200FD282005F68B7 /* Spheres.mtl */ = {isa = PBXFileReference; lastKnownFileType = text; path = Spheres.mtl; sourceTree = "<group>"; };
		DDF9C69F200FD282005F68B7 /* plane.obj */ = {isa = PBXFileReference; lastKnownFileType = text; path = plane.obj; sourceTree = "<group>"; };
		DDF9C6A0200FD282005F68B7 /* plane.mtl */ = {isa = PBXFileReference; lastKnownFileType = text; path = plane.mtl; sourceTree = "<group>"; };
		DDFBF2A51FD61D1500EC76B3 /* BaseLight.cpp */ = {isa = PBXFileReference; lastKnownFileType = sourcecode.cpp.cpp; path = BaseLight.cpp; sourceTree = "<group>"; };
		DDFBF2A61FD61D1500EC76B3 /* BaseLight.hpp */ = {isa = PBXFileReference; lastKnownFileType = sourcecode.cpp.h; path = BaseLight.hpp; sourceTree = "<group>"; };
		DDFBF2A81FD65D4A00EC76B3 /* PointLight.cpp */ = {isa = PBXFileReference; lastKnownFileType = sourcecode.cpp.cpp; path = PointLight.cpp; sourceTree = "<group>"; };
		DDFBF2A91FD65D4A00EC76B3 /* PointLight.hpp */ = {isa = PBXFileReference; lastKnownFileType = sourcecode.cpp.h; path = PointLight.hpp; sourceTree = "<group>"; };
/* End PBXFileReference section */

/* Begin PBXFrameworksBuildPhase section */
		DD3B1ABD1FBF7D90005E9485 /* Frameworks */ = {
			isa = PBXFrameworksBuildPhase;
			buildActionMask = 2147483647;
			files = (
				DD3B1ADE1FBF8318005E9485 /* libglfw.3.3.dylib in Frameworks */,
				DD3B1ADD1FBF830E005E9485 /* libassimp.4.0.1.dylib in Frameworks */,
				DD3B1AD01FBF7E74005E9485 /* OpenGL.framework in Frameworks */,
			);
			runOnlyForDeploymentPostprocessing = 0;
		};
/* End PBXFrameworksBuildPhase section */

/* Begin PBXGroup section */
		DD041AE21FC38E3400AC2AF7 /* Scene */ = {
			isa = PBXGroup;
			children = (
				DDD8782B1FBF8C9A00109AC6 /* Camera.cpp */,
				DDD878211FBF8C9900109AC6 /* Camera.hpp */,
				DDD8782C1FBF8C9A00109AC6 /* Input.cpp */,
				DDD878221FBF8C9900109AC6 /* Input.hpp */,
				DDD8782D1FBF8C9A00109AC6 /* Scene.cpp */,
				DDD8781F1FBF8C9900109AC6 /* Scene.hpp */,
				DD9E910E1FC64988009C0AE3 /* ModelNodePicker.cpp */,
				DD9E910F1FC64988009C0AE3 /* ModelNodePicker.hpp */,
			);
			path = Scene;
			sourceTree = "<group>";
		};
		DD041AE31FC38E5100AC2AF7 /* Model */ = {
			isa = PBXGroup;
			children = (
				DD041AE81FC3AF5400AC2AF7 /* Elements */,
				DD7002A51FC4F55700B198C5 /* Materials */,
				DD041AE51FC3902900AC2AF7 /* Model.cpp */,
				DD041AE61FC3902900AC2AF7 /* Model.hpp */,
				DD21E07C201002D5007F606D /* ModelCreator.cpp */,
				DD21E07D201002D5007F606D /* ModelCreator.hpp */,
			);
			path = Model;
			sourceTree = "<group>";
		};
		DD041AE41FC38E7E00AC2AF7 /* Engine */ = {
			isa = PBXGroup;
			children = (
				DDD8781C1FBF8C9900109AC6 /* Core.cpp */,
				DDD878231FBF8C9900109AC6 /* Core.hpp */,
				DDD8782E1FBF8C9A00109AC6 /* Shader.cpp */,
				DDD8781E1FBF8C9900109AC6 /* Shader.hpp */,
				DDD878201FBF8C9900109AC6 /* Window.cpp */,
				DDD878251FBF8C9900109AC6 /* Window.hpp */,
				DD9E91111FC6AEA2009C0AE3 /* UserInterface.cpp */,
				DD9E91121FC6AEA2009C0AE3 /* UserInterface.hpp */,
				DDF9C61F200FC1C6005F68B7 /* GBuffer.cpp */,
				DDF9C620200FC1C6005F68B7 /* GBuffer.hpp */,
			);
			path = Engine;
			sourceTree = "<group>";
		};
		DD041AE81FC3AF5400AC2AF7 /* Elements */ = {
			isa = PBXGroup;
			children = (
				DDD878271FBF8C9900109AC6 /* Mesh.cpp */,
				DDD878281FBF8C9A00109AC6 /* Mesh.hpp */,
				DD041AE91FC3AF6500AC2AF7 /* Node.cpp */,
				DD041AEA1FC3AF6500AC2AF7 /* Node.hpp */,
				DDD8781D1FBF8C9900109AC6 /* Transform.cpp */,
				DDD8782A1FBF8C9A00109AC6 /* Transform.hpp */,
			);
			path = Elements;
			sourceTree = "<group>";
		};
		DD041AEC1FC4C44D00AC2AF7 /* Models */ = {
			isa = PBXGroup;
			children = (
				DDF9C62C200FD281005F68B7 /* 2B */,
				DDF9C629200FD281005F68B7 /* Cubes */,
				DDF9C63C200FD281005F68B7 /* LightSphere */,
				DDF9C63F200FD281005F68B7 /* Nanosuit */,
				DDF9C69D200FD282005F68B7 /* Plane */,
				DDF9C697200FD282005F68B7 /* Spheres */,
				DDF9C65D200FD281005F68B7 /* Sponza */,
			);
			path = Models;
			sourceTree = "<group>";
		};
		DD3B1AB71FBF7D90005E9485 = {
			isa = PBXGroup;
			children = (
				DD3B1ADF1FBF847E005E9485 /* README.md */,
				DD3B1AE01FBF8495005E9485 /* LICENSE */,
				DD79D2BE1FBF8DE200558940 /* Shaders */,
				DD041AEC1FC4C44D00AC2AF7 /* Models */,
				DD3B1AC21FBF7D90005E9485 /* PAG */,
				DDD878261FBF8C9900109AC6 /* main.cpp */,
				DDD8782F1FBF8C9A00109AC6 /* Config.hpp */,
				DD3B1AC11FBF7D90005E9485 /* Products */,
				DD3B1ACA1FBF7E48005E9485 /* Frameworks */,
			);
			sourceTree = "<group>";
		};
		DD3B1AC11FBF7D90005E9485 /* Products */ = {
			isa = PBXGroup;
			children = (
				DD3B1AC01FBF7D90005E9485 /* PAG */,
			);
			name = Products;
			sourceTree = "<group>";
		};
		DD3B1AC21FBF7D90005E9485 /* PAG */ = {
			isa = PBXGroup;
			children = (
				DDFBF2A41FD61CF600EC76B3 /* Lightning */,
				DD3B1AD61FBF81DF005E9485 /* OpenGL stuff */,
				DD041AE41FC38E7E00AC2AF7 /* Engine */,
				DD041AE31FC38E5100AC2AF7 /* Model */,
				DD041AE21FC38E3400AC2AF7 /* Scene */,
			);
			path = PAG;
			sourceTree = "<group>";
		};
		DD3B1ACA1FBF7E48005E9485 /* Frameworks */ = {
			isa = PBXGroup;
			children = (
				DD3B1ADB1FBF826B005E9485 /* libglfw3.3.dylib */,
				DD3B1AD91FBF8232005E9485 /* libglfw.dylib */,
				DD3B1AD31FBF7FC1005E9485 /* libglfw.3.3.dylib */,
				DD3B1AD11FBF7FB8005E9485 /* libassimp.4.0.1.dylib */,
				DD3B1ACF1FBF7E6B005E9485 /* OpenGL.framework */,
				DD3B1ACD1FBF7E64005E9485 /* libglfw.3.3.dylib */,
				DD3B1ACB1FBF7E48005E9485 /* libassimp.4.0.1.dylib */,
			);
			name = Frameworks;
			sourceTree = "<group>";
		};
		DD3B1AD61FBF81DF005E9485 /* OpenGL stuff */ = {
			isa = PBXGroup;
			children = (
				DD9E911B1FC6B081009C0AE3 /* ImGui */,
				DD3B1AE11FBF8517005E9485 /* glad.c */,
				DD3B1AE21FBF8518005E9485 /* stb_image.cpp */,
			);
			path = "OpenGL stuff";
			sourceTree = "<group>";
		};
		DD7002A51FC4F55700B198C5 /* Materials */ = {
			isa = PBXGroup;
			children = (
				DD7002A01FC4E37300B198C5 /* Material.hpp */,
				DDD878241FBF8C9900109AC6 /* Texture.cpp */,
				DDD878291FBF8C9A00109AC6 /* Texture.hpp */,
				DD7002A21FC4F4E200B198C5 /* Materials.cpp */,
				DD7002A31FC4F4E200B198C5 /* Materials.hpp */,
			);
			path = Materials;
			sourceTree = "<group>";
		};
		DD79D2BE1FBF8DE200558940 /* Shaders */ = {
			isa = PBXGroup;
			children = (
				DDF9C625200FD273005F68B7 /* debug.frag */,
				DDF9C622200FD273005F68B7 /* debug.geom */,
				DDF9C623200FD273005F68B7 /* debug.vert */,
				DDF9C624200FD273005F68B7 /* geometryPass.frag */,
				DDF9C628200FD273005F68B7 /* geometryPass.vert */,
				DD21E08020101449007F606D /* lightPass.frag */,
				DD21E07F20101449007F606D /* lightPass.vert */,
				DDEF9D3F2010652200CCF4AE /* nullShader.frag */,
			);
			path = Shaders;
			sourceTree = "<group>";
		};
		DD9E911B1FC6B081009C0AE3 /* ImGui */ = {
			isa = PBXGroup;
			children = (
				DD9E911E1FC6B093009C0AE3 /* stb_rect_pack.h */,
				DD9E911D1FC6B092009C0AE3 /* stb_textedit.h */,
				DD9E911C1FC6B092009C0AE3 /* stb_truetype.h */,
				DD9E91151FC6AF90009C0AE3 /* imconfig.h */,
				DD9E91171FC6AF90009C0AE3 /* imgui_draw.cpp */,
				DD9E91181FC6AF90009C0AE3 /* imgui_internal.h */,
				DD9E91161FC6AF90009C0AE3 /* imgui.cpp */,
				DD9E91141FC6AF90009C0AE3 /* imgui.h */,
				DD9E911F1FC6B45B009C0AE3 /* imgui_impl_glfw_gl3.cpp */,
				DD9E91201FC6B45C009C0AE3 /* imgui_impl_glfw_gl3.h */,
			);
			path = ImGui;
			sourceTree = "<group>";
		};
		DDF9C629200FD281005F68B7 /* Cubes */ = {
			isa = PBXGroup;
			children = (
				DDF9C62A200FD281005F68B7 /* source */,
			);
			path = Cubes;
			sourceTree = "<group>";
		};
		DDF9C62A200FD281005F68B7 /* source */ = {
			isa = PBXGroup;
			children = (
				DDF9C62B200FD281005F68B7 /* Cubes.fbx */,
			);
			path = source;
			sourceTree = "<group>";
		};
		DDF9C62C200FD281005F68B7 /* 2B */ = {
			isa = PBXGroup;
			children = (
				DDF9C62D200FD281005F68B7 /* textures */,
				DDF9C63A200FD281005F68B7 /* source */,
			);
			path = 2B;
			sourceTree = "<group>";
		};
		DDF9C62D200FD281005F68B7 /* textures */ = {
			isa = PBXGroup;
			children = (
				DDF9C62E200FD281005F68B7 /* 2b_head_dif.png */,
				DDF9C62F200FD281005F68B7 /* 2b_hair1_dif.png */,
				DDF9C630200FD281005F68B7 /* 2b_suit_spc.png */,
				DDF9C631200FD281005F68B7 /* 2b_suit_nrm.png */,
				DDF9C632200FD281005F68B7 /* 2b_hair2_dif.png */,
				DDF9C633200FD281005F68B7 /* 2b_suit_dif.png */,
				DDF9C634200FD281005F68B7 /* 2b_hair2_nrm.png */,
				DDF9C635200FD281005F68B7 /* 2b_hair2_spc.png */,
				DDF9C636200FD281005F68B7 /* 2b_head_nrm.png */,
				DDF9C637200FD281005F68B7 /* 2b_head_spc.png */,
				DDF9C638200FD281005F68B7 /* 2b_hair1_spc.png */,
				DDF9C639200FD281005F68B7 /* 2b_hair1_nrm.png */,
			);
			path = textures;
			sourceTree = "<group>";
		};
		DDF9C63A200FD281005F68B7 /* source */ = {
			isa = PBXGroup;
			children = (
				DDF9C63B200FD281005F68B7 /* 2B.fbx */,
			);
			path = source;
			sourceTree = "<group>";
		};
		DDF9C63C200FD281005F68B7 /* LightSphere */ = {
			isa = PBXGroup;
			children = (
				DDF9C63D200FD281005F68B7 /* source */,
			);
			path = LightSphere;
			sourceTree = "<group>";
		};
		DDF9C63D200FD281005F68B7 /* source */ = {
			isa = PBXGroup;
			children = (
				DDF9C63E200FD281005F68B7 /* LightSphere.obj */,
			);
			path = source;
			sourceTree = "<group>";
		};
		DDF9C63F200FD281005F68B7 /* Nanosuit */ = {
			isa = PBXGroup;
			children = (
				DDF9C640200FD281005F68B7 /* textures */,
				DDF9C65A200FD281005F68B7 /* source */,
			);
			path = Nanosuit;
			sourceTree = "<group>";
		};
		DDF9C640200FD281005F68B7 /* textures */ = {
			isa = PBXGroup;
			children = (
				DDF9C641200FD281005F68B7 /* body_showroom_ddn.png */,
				DDF9C642200FD281005F68B7 /* helmet_showroom_ddn.png */,
				DDF9C643200FD281005F68B7 /* arm_showroom_ddn.png */,
				DDF9C644200FD281005F68B7 /* arm_showroom_spec.png */,
				DDF9C645200FD281005F68B7 /* leg_dif.png */,
				DDF9C646200FD281005F68B7 /* helmet_dif.png */,
				DDF9C647200FD281005F68B7 /* cell_body_alpha.png */,
				DDF9C648200FD281005F68B7 /* hand_showroom_spec.png */,
				DDF9C649200FD281005F68B7 /* glass_ddn.png */,
				DDF9C64A200FD281005F68B7 /* cell_hand_alpha.png */,
				DDF9C64B200FD281005F68B7 /* body_dif.png */,
				DDF9C64C200FD281005F68B7 /* hand_showroom_ddn.png */,
				DDF9C64D200FD281005F68B7 /* glass_dif.png */,
				DDF9C64E200FD281005F68B7 /* arm_dif.png */,
				DDF9C64F200FD281005F68B7 /* cell_leg_alpha.png */,
				DDF9C650200FD281005F68B7 /* helmet_diff.png */,
				DDF9C651200FD281005F68B7 /* cell_helmet_alpha.png */,
				DDF9C652200FD281005F68B7 /* leg_showroom_ddn.png */,
				DDF9C653200FD281005F68B7 /* cell_arm_alpha.png */,
				DDF9C654200FD281005F68B7 /* helmet_showroom_spec.png */,
				DDF9C655200FD281005F68B7 /* leg_showroom_spec.png */,
				DDF9C656200FD281005F68B7 /* cell_ddn.png */,
				DDF9C657200FD281005F68B7 /* body_showroom_ddn-kopia.png */,
				DDF9C658200FD281005F68B7 /* body_showroom_spec.png */,
				DDF9C659200FD281005F68B7 /* hand_dif.png */,
			);
			path = textures;
			sourceTree = "<group>";
		};
		DDF9C65A200FD281005F68B7 /* source */ = {
			isa = PBXGroup;
			children = (
				DDF9C65B200FD281005F68B7 /* nanosuit.mtl */,
				DDF9C65C200FD281005F68B7 /* nanosuit.obj */,
			);
			path = source;
			sourceTree = "<group>";
		};
		DDF9C65D200FD281005F68B7 /* Sponza */ = {
			isa = PBXGroup;
			children = (
				DDF9C65E200FD281005F68B7 /* textures */,
				DDF9C694200FD281005F68B7 /* source */,
			);
			path = Sponza;
			sourceTree = "<group>";
		};
		DDF9C65E200FD281005F68B7 /* textures */ = {
			isa = PBXGroup;
			children = (
				DDF9C65F200FD281005F68B7 /* lion2_ddn.tga */,
				DDF9C660200FD281005F68B7 /* sponza_column_c_spec.tga */,
				DDF9C661200FD281005F68B7 /* sponza_column_b_spec.tga */,
				DDF9C662200FD281005F68B7 /* sponza_flagpole_diff.tga */,
				DDF9C663200FD281005F68B7 /* vase_plant_mask.tga */,
				DDF9C664200FD281005F68B7 /* chain_texture.tga */,
				DDF9C665200FD281005F68B7 /* spnza_bricks_a_spec.tga */,
				DDF9C666200FD281005F68B7 /* vase_round.tga */,
				DDF9C667200FD281005F68B7 /* chain_texture_mask.tga */,
				DDF9C668200FD281005F68B7 /* sponza_details_spec.tga */,
				DDF9C669200FD281005F68B7 /* sponza_column_a_ddn.tga */,
				DDF9C66A200FD281005F68B7 /* lion_ddn.tga */,
				DDF9C66B200FD281005F68B7 /* sponza_arch_diff.tga */,
				DDF9C66C200FD281005F68B7 /* lion.tga */,
				DDF9C66D200FD281005F68B7 /* sponza_thorn_ddn.tga */,
				DDF9C66E200FD281005F68B7 /* sponza_column_c_ddn.tga */,
				DDF9C66F200FD281005F68B7 /* vase_plant.tga */,
				DDF9C670200FD281005F68B7 /* sponza_arch_ddn.tga */,
				DDF9C671200FD281005F68B7 /* sponza_fabric_green_diff.tga */,
				DDF9C672200FD281005F68B7 /* vase_hanging.tga */,
				DDF9C673200FD281005F68B7 /* sponza_arch_spec.tga */,
				DDF9C674200FD281005F68B7 /* vase_dif.tga */,
				DDF9C675200FD281005F68B7 /* sponza_details_diff.tga */,
				DDF9C676200FD281005F68B7 /* sponza_flagpole_spec.tga */,
				DDF9C677200FD281005F68B7 /* background.tga */,
				DDF9C678200FD281005F68B7 /* spnza_bricks_a_diff.tga */,
				DDF9C679200FD281005F68B7 /* sponza_thorn_mask.tga */,
				DDF9C67A200FD281005F68B7 /* sponza_column_b_ddn.tga */,
				DDF9C67B200FD281005F68B7 /* sponza_column_c_diff.tga */,
				DDF9C67C200FD281005F68B7 /* sponza_column_b_diff.tga */,
				DDF9C67D200FD281005F68B7 /* sponza_roof_diff.tga */,
				DDF9C67E200FD281005F68B7 /* sponza_curtain_blue_diff.tga */,
				DDF9C67F200FD281005F68B7 /* background_ddn.tif */,
				DDF9C680200FD281005F68B7 /* vase_round_ddn.tga */,
				DDF9C681200FD281005F68B7 /* spnza_bricks_a_ddn.tga */,
				DDF9C682200FD281005F68B7 /* sponza_fabric_diff.tga */,
				DDF9C683200FD281005F68B7 /* sponza_floor_a_spec.tga */,
				DDF9C684200FD281005F68B7 /* vase_plant_spec.tga */,
				DDF9C685200FD281005F68B7 /* vase_round_spec.tga */,
				DDF9C686200FD281005F68B7 /* sponza_thorn_diff.tga */,
				DDF9C687200FD281005F68B7 /* sponza_curtain_diff.tga */,
				DDF9C688200FD281005F68B7 /* sponza_ceiling_a_diff.tga */,
				DDF9C689200FD281005F68B7 /* vase_ddn.tga */,
				DDF9C68A200FD281005F68B7 /* sponza_column_a_spec.tga */,
				DDF9C68B200FD281005F68B7 /* sponza_ceiling_a_spec.tga */,
				DDF9C68C200FD281005F68B7 /* sponza_column_a_diff.tga */,
				DDF9C68D200FD281005F68B7 /* sponza_floor_a_diff.tga */,
				DDF9C68E200FD281005F68B7 /* sponza_thorn_spec.tga */,
				DDF9C68F200FD281005F68B7 /* sponza_curtain_green_diff.tga */,
				DDF9C690200FD281005F68B7 /* sponza_fabric_spec.tga */,
				DDF9C691200FD281005F68B7 /* sponza_fabric_blue_diff.tga */,
				DDF9C692200FD281005F68B7 /* chain_texture_ddn.tga */,
				DDF9C693200FD281005F68B7 /* background_ddn.tga */,
			);
			path = textures;
			sourceTree = "<group>";
		};
		DDF9C694200FD281005F68B7 /* source */ = {
			isa = PBXGroup;
			children = (
				DDF9C695200FD281005F68B7 /* sponza.mtl */,
				DDF9C696200FD281005F68B7 /* sponza.obj */,
			);
			path = source;
			sourceTree = "<group>";
		};
		DDF9C697200FD282005F68B7 /* Spheres */ = {
			isa = PBXGroup;
			children = (
				DDF9C698200FD282005F68B7 /* textures */,
				DDF9C69A200FD282005F68B7 /* source */,
			);
			path = Spheres;
			sourceTree = "<group>";
		};
		DDF9C698200FD282005F68B7 /* textures */ = {
			isa = PBXGroup;
			children = (
				DDF9C699200FD282005F68B7 /* Sphere002NormalsMap.png */,
			);
			path = textures;
			sourceTree = "<group>";
		};
		DDF9C69A200FD282005F68B7 /* source */ = {
			isa = PBXGroup;
			children = (
				DDF9C69B200FD282005F68B7 /* Spheres.obj */,
				DDF9C69C200FD282005F68B7 /* Spheres.mtl */,
			);
			path = source;
			sourceTree = "<group>";
		};
		DDF9C69D200FD282005F68B7 /* Plane */ = {
			isa = PBXGroup;
			children = (
				DDF9C69E200FD282005F68B7 /* source */,
			);
			path = Plane;
			sourceTree = "<group>";
		};
		DDF9C69E200FD282005F68B7 /* source */ = {
			isa = PBXGroup;
			children = (
				DDF9C69F200FD282005F68B7 /* plane.obj */,
				DDF9C6A0200FD282005F68B7 /* plane.mtl */,
			);
			path = source;
			sourceTree = "<group>";
		};
		DDFBF2A41FD61CF600EC76B3 /* Lightning */ = {
			isa = PBXGroup;
			children = (
				DDFBF2A51FD61D1500EC76B3 /* BaseLight.cpp */,
				DDFBF2A61FD61D1500EC76B3 /* BaseLight.hpp */,
				DDFBF2A81FD65D4A00EC76B3 /* PointLight.cpp */,
				DDFBF2A91FD65D4A00EC76B3 /* PointLight.hpp */,
				DD3705CC1FD916ED000DE9C4 /* DirectionalLight.cpp */,
				DD3705CD1FD916ED000DE9C4 /* DirectionalLight.hpp */,
				DD3705CF1FD91A58000DE9C4 /* SpotLight.cpp */,
				DD3705D01FD91A58000DE9C4 /* SpotLight.hpp */,
			);
			path = Lightning;
			sourceTree = "<group>";
		};
/* End PBXGroup section */

/* Begin PBXNativeTarget section */
		DD3B1ABF1FBF7D90005E9485 /* PAG */ = {
			isa = PBXNativeTarget;
			buildConfigurationList = DD3B1AC71FBF7D90005E9485 /* Build configuration list for PBXNativeTarget "PAG" */;
			buildPhases = (
				DD3B1ABC1FBF7D90005E9485 /* Sources */,
				DD3B1ABD1FBF7D90005E9485 /* Frameworks */,
				DD3B1ABE1FBF7D90005E9485 /* CopyFiles */,
			);
			buildRules = (
			);
			dependencies = (
			);
			name = PAG;
			productName = PAG;
			productReference = DD3B1AC01FBF7D90005E9485 /* PAG */;
			productType = "com.apple.product-type.tool";
		};
/* End PBXNativeTarget section */

/* Begin PBXProject section */
		DD3B1AB81FBF7D90005E9485 /* Project object */ = {
			isa = PBXProject;
			attributes = {
				LastUpgradeCheck = 0910;
				ORGANIZATIONNAME = "Krystian Owoc";
				TargetAttributes = {
					DD3B1ABF1FBF7D90005E9485 = {
						CreatedOnToolsVersion = 9.1;
						ProvisioningStyle = Automatic;
					};
				};
			};
			buildConfigurationList = DD3B1ABB1FBF7D90005E9485 /* Build configuration list for PBXProject "PAG" */;
			compatibilityVersion = "Xcode 8.0";
			developmentRegion = en;
			hasScannedForEncodings = 0;
			knownRegions = (
				en,
			);
			mainGroup = DD3B1AB71FBF7D90005E9485;
			productRefGroup = DD3B1AC11FBF7D90005E9485 /* Products */;
			projectDirPath = "";
			projectRoot = "";
			targets = (
				DD3B1ABF1FBF7D90005E9485 /* PAG */,
			);
		};
/* End PBXProject section */

/* Begin PBXSourcesBuildPhase section */
		DD3B1ABC1FBF7D90005E9485 /* Sources */ = {
			isa = PBXSourcesBuildPhase;
			buildActionMask = 2147483647;
			files = (
				DDD878301FBF8C9A00109AC6 /* Core.cpp in Sources */,
				DD7002A41FC4F4E200B198C5 /* Materials.cpp in Sources */,
				DD041AEB1FC3AF6500AC2AF7 /* Node.cpp in Sources */,
				DD3705CE1FD916ED000DE9C4 /* DirectionalLight.cpp in Sources */,
				DD041AE71FC3902900AC2AF7 /* Model.cpp in Sources */,
				DDD878321FBF8C9A00109AC6 /* Window.cpp in Sources */,
				DD3B1AE41FBF8518005E9485 /* stb_image.cpp in Sources */,
				DDD878331FBF8C9A00109AC6 /* Texture.cpp in Sources */,
				DDD878371FBF8C9A00109AC6 /* Input.cpp in Sources */,
				DD9E91211FC6B45C009C0AE3 /* imgui_impl_glfw_gl3.cpp in Sources */,
				DDD878361FBF8C9A00109AC6 /* Camera.cpp in Sources */,
				DD9E91101FC64988009C0AE3 /* ModelNodePicker.cpp in Sources */,
				DD3705D11FD91A58000DE9C4 /* SpotLight.cpp in Sources */,
				DDD878381FBF8C9A00109AC6 /* Scene.cpp in Sources */,
				DDFBF2A71FD61D1500EC76B3 /* BaseLight.cpp in Sources */,
				DDD878341FBF8C9A00109AC6 /* main.cpp in Sources */,
				DDF9C621200FC1C6005F68B7 /* GBuffer.cpp in Sources */,
				DD9E91131FC6AEA2009C0AE3 /* UserInterface.cpp in Sources */,
				DD9E911A1FC6AF90009C0AE3 /* imgui_draw.cpp in Sources */,
				DDD878311FBF8C9A00109AC6 /* Transform.cpp in Sources */,
				DDD878351FBF8C9A00109AC6 /* Mesh.cpp in Sources */,
				DDD878391FBF8C9A00109AC6 /* Shader.cpp in Sources */,
				DDFBF2AA1FD65D4A00EC76B3 /* PointLight.cpp in Sources */,
				DD3B1AE31FBF8518005E9485 /* glad.c in Sources */,
				DD21E07E201002D5007F606D /* ModelCreator.cpp in Sources */,
				DD9E91191FC6AF90009C0AE3 /* imgui.cpp in Sources */,
			);
			runOnlyForDeploymentPostprocessing = 0;
		};
/* End PBXSourcesBuildPhase section */

/* Begin XCBuildConfiguration section */
		DD3B1AC51FBF7D90005E9485 /* Debug */ = {
			isa = XCBuildConfiguration;
			buildSettings = {
				ALWAYS_SEARCH_USER_PATHS = NO;
				CLANG_ANALYZER_NONNULL = YES;
				CLANG_ANALYZER_NUMBER_OBJECT_CONVERSION = YES_AGGRESSIVE;
				CLANG_CXX_LANGUAGE_STANDARD = "gnu++14";
				CLANG_CXX_LIBRARY = "libc++";
				CLANG_ENABLE_MODULES = YES;
				CLANG_ENABLE_OBJC_ARC = YES;
				CLANG_WARN_BLOCK_CAPTURE_AUTORELEASING = YES;
				CLANG_WARN_BOOL_CONVERSION = YES;
				CLANG_WARN_COMMA = YES;
				CLANG_WARN_CONSTANT_CONVERSION = YES;
				CLANG_WARN_DIRECT_OBJC_ISA_USAGE = YES_ERROR;
				CLANG_WARN_DOCUMENTATION_COMMENTS = YES;
				CLANG_WARN_EMPTY_BODY = YES;
				CLANG_WARN_ENUM_CONVERSION = YES;
				CLANG_WARN_INFINITE_RECURSION = YES;
				CLANG_WARN_INT_CONVERSION = YES;
				CLANG_WARN_NON_LITERAL_NULL_CONVERSION = YES;
				CLANG_WARN_OBJC_LITERAL_CONVERSION = YES;
				CLANG_WARN_OBJC_ROOT_CLASS = YES_ERROR;
				CLANG_WARN_RANGE_LOOP_ANALYSIS = YES;
				CLANG_WARN_STRICT_PROTOTYPES = YES;
				CLANG_WARN_SUSPICIOUS_MOVE = YES;
				CLANG_WARN_UNGUARDED_AVAILABILITY = YES_AGGRESSIVE;
				CLANG_WARN_UNREACHABLE_CODE = YES;
				CLANG_WARN__DUPLICATE_METHOD_MATCH = YES;
				CODE_SIGN_IDENTITY = "-";
				COPY_PHASE_STRIP = NO;
				DEBUG_INFORMATION_FORMAT = dwarf;
				ENABLE_STRICT_OBJC_MSGSEND = YES;
				ENABLE_TESTABILITY = YES;
				GCC_C_LANGUAGE_STANDARD = gnu11;
				GCC_DYNAMIC_NO_PIC = NO;
				GCC_NO_COMMON_BLOCKS = YES;
				GCC_OPTIMIZATION_LEVEL = 0;
				GCC_PREPROCESSOR_DEFINITIONS = (
					"DEBUG=1",
					"$(inherited)",
				);
				GCC_WARN_64_TO_32_BIT_CONVERSION = YES;
				GCC_WARN_ABOUT_RETURN_TYPE = YES_ERROR;
				GCC_WARN_UNDECLARED_SELECTOR = YES;
				GCC_WARN_UNINITIALIZED_AUTOS = YES_AGGRESSIVE;
				GCC_WARN_UNUSED_FUNCTION = YES;
				GCC_WARN_UNUSED_VARIABLE = YES;
				MACOSX_DEPLOYMENT_TARGET = 10.13;
				MTL_ENABLE_DEBUG_INFO = YES;
				ONLY_ACTIVE_ARCH = YES;
				SDKROOT = macosx;
			};
			name = Debug;
		};
		DD3B1AC61FBF7D90005E9485 /* Release */ = {
			isa = XCBuildConfiguration;
			buildSettings = {
				ALWAYS_SEARCH_USER_PATHS = NO;
				CLANG_ANALYZER_NONNULL = YES;
				CLANG_ANALYZER_NUMBER_OBJECT_CONVERSION = YES_AGGRESSIVE;
				CLANG_CXX_LANGUAGE_STANDARD = "gnu++14";
				CLANG_CXX_LIBRARY = "libc++";
				CLANG_ENABLE_MODULES = YES;
				CLANG_ENABLE_OBJC_ARC = YES;
				CLANG_WARN_BLOCK_CAPTURE_AUTORELEASING = YES;
				CLANG_WARN_BOOL_CONVERSION = YES;
				CLANG_WARN_COMMA = YES;
				CLANG_WARN_CONSTANT_CONVERSION = YES;
				CLANG_WARN_DIRECT_OBJC_ISA_USAGE = YES_ERROR;
				CLANG_WARN_DOCUMENTATION_COMMENTS = YES;
				CLANG_WARN_EMPTY_BODY = YES;
				CLANG_WARN_ENUM_CONVERSION = YES;
				CLANG_WARN_INFINITE_RECURSION = YES;
				CLANG_WARN_INT_CONVERSION = YES;
				CLANG_WARN_NON_LITERAL_NULL_CONVERSION = YES;
				CLANG_WARN_OBJC_LITERAL_CONVERSION = YES;
				CLANG_WARN_OBJC_ROOT_CLASS = YES_ERROR;
				CLANG_WARN_RANGE_LOOP_ANALYSIS = YES;
				CLANG_WARN_STRICT_PROTOTYPES = YES;
				CLANG_WARN_SUSPICIOUS_MOVE = YES;
				CLANG_WARN_UNGUARDED_AVAILABILITY = YES_AGGRESSIVE;
				CLANG_WARN_UNREACHABLE_CODE = YES;
				CLANG_WARN__DUPLICATE_METHOD_MATCH = YES;
				CODE_SIGN_IDENTITY = "-";
				COPY_PHASE_STRIP = NO;
				DEBUG_INFORMATION_FORMAT = "dwarf-with-dsym";
				ENABLE_NS_ASSERTIONS = NO;
				ENABLE_STRICT_OBJC_MSGSEND = YES;
				GCC_C_LANGUAGE_STANDARD = gnu11;
				GCC_NO_COMMON_BLOCKS = YES;
				GCC_WARN_64_TO_32_BIT_CONVERSION = YES;
				GCC_WARN_ABOUT_RETURN_TYPE = YES_ERROR;
				GCC_WARN_UNDECLARED_SELECTOR = YES;
				GCC_WARN_UNINITIALIZED_AUTOS = YES_AGGRESSIVE;
				GCC_WARN_UNUSED_FUNCTION = YES;
				GCC_WARN_UNUSED_VARIABLE = YES;
				MACOSX_DEPLOYMENT_TARGET = 10.13;
				MTL_ENABLE_DEBUG_INFO = NO;
				SDKROOT = macosx;
			};
			name = Release;
		};
		DD3B1AC81FBF7D90005E9485 /* Debug */ = {
			isa = XCBuildConfiguration;
			buildSettings = {
				CODE_SIGN_STYLE = Automatic;
				HEADER_SEARCH_PATHS = "./Dependencies\\ Mac/include/**";
				LIBRARY_SEARCH_PATHS = /usr/local/lib/;
				PRODUCT_NAME = "$(TARGET_NAME)";
			};
			name = Debug;
		};
		DD3B1AC91FBF7D90005E9485 /* Release */ = {
			isa = XCBuildConfiguration;
			buildSettings = {
				CODE_SIGN_STYLE = Automatic;
				HEADER_SEARCH_PATHS = "./Dependencies\\ Mac/include/**";
				LIBRARY_SEARCH_PATHS = /usr/local/lib/;
				PRODUCT_NAME = "$(TARGET_NAME)";
			};
			name = Release;
		};
/* End XCBuildConfiguration section */

/* Begin XCConfigurationList section */
		DD3B1ABB1FBF7D90005E9485 /* Build configuration list for PBXProject "PAG" */ = {
			isa = XCConfigurationList;
			buildConfigurations = (
				DD3B1AC51FBF7D90005E9485 /* Debug */,
				DD3B1AC61FBF7D90005E9485 /* Release */,
			);
			defaultConfigurationIsVisible = 0;
			defaultConfigurationName = Release;
		};
		DD3B1AC71FBF7D90005E9485 /* Build configuration list for PBXNativeTarget "PAG" */ = {
			isa = XCConfigurationList;
			buildConfigurations = (
				DD3B1AC81FBF7D90005E9485 /* Debug */,
				DD3B1AC91FBF7D90005E9485 /* Release */,
			);
			defaultConfigurationIsVisible = 0;
			defaultConfigurationName = Release;
		};
/* End XCConfigurationList section */
	};
	rootObject = DD3B1AB81FBF7D90005E9485 /* Project object */;
}
